// !$*UTF8*$!
{
	archiveVersion = 1;
	classes = {
	};
	objectVersion = 54;
	objects = {

/* Begin PBXBuildFile section */
		480544F12724485B0046F225 /* FrekThumbnail.swift in Sources */ = {isa = PBXBuildFile; fileRef = 482A399E2522126900A2028A /* FrekThumbnail.swift */; };
		480544F227244A9F0046F225 /* ValueStore.swift in Sources */ = {isa = PBXBuildFile; fileRef = 48C6FFE1251A42360051B4B3 /* ValueStore.swift */; };
		480544F727244D910046F225 /* Intents.intentdefinition in Sources */ = {isa = PBXBuildFile; fileRef = 48952D4A2724437600A548CD /* Intents.intentdefinition */; };
		480544F827244DAC0046F225 /* FrekWidgetExtension.appex in Embed App Extensions */ = {isa = PBXBuildFile; fileRef = 48952D422724437600A548CD /* FrekWidgetExtension.appex */; settings = {ATTRIBUTES = (RemoveHeadersOnCopy, ); }; };
		480545302724547B0046F225 /* IntentHandler.swift in Sources */ = {isa = PBXBuildFile; fileRef = 4805452F2724547B0046F225 /* IntentHandler.swift */; };
		480545312724547B0046F225 /* IntentHandler.swift in Sources */ = {isa = PBXBuildFile; fileRef = 4805452F2724547B0046F225 /* IntentHandler.swift */; };
		480545322724547B0046F225 /* IntentHandler.swift in Sources */ = {isa = PBXBuildFile; fileRef = 4805452F2724547B0046F225 /* IntentHandler.swift */; };
		48054538272459990046F225 /* Intents.framework in Frameworks */ = {isa = PBXBuildFile; fileRef = 4805450D272453E40046F225 /* Intents.framework */; };
		4805453F272459990046F225 /* FrekIntent.appex in Embed App Extensions */ = {isa = PBXBuildFile; fileRef = 48054537272459990046F225 /* FrekIntent.appex */; settings = {ATTRIBUTES = (RemoveHeadersOnCopy, ); }; };
		48054544272459B70046F225 /* IntentHandler.swift in Sources */ = {isa = PBXBuildFile; fileRef = 4805452F2724547B0046F225 /* IntentHandler.swift */; };
		48054545272459C00046F225 /* Intents.intentdefinition in Sources */ = {isa = PBXBuildFile; fileRef = 48952D4A2724437600A548CD /* Intents.intentdefinition */; };
		4805454627246D660046F225 /* FrekPlace.swift in Sources */ = {isa = PBXBuildFile; fileRef = 48435FEC2516E18F00FFED01 /* FrekPlace.swift */; };
		4805454727246D690046F225 /* FrekChart.swift in Sources */ = {isa = PBXBuildFile; fileRef = 485258EB2663E0E600E68193 /* FrekChart.swift */; };
		4805454827246D760046F225 /* FrekPlaceAssets.xcassets in Resources */ = {isa = PBXBuildFile; fileRef = 482E2F30265E526400C60730 /* FrekPlaceAssets.xcassets */; };
		4805454927246D990046F225 /* ValueStore.swift in Sources */ = {isa = PBXBuildFile; fileRef = 48C6FFE1251A42360051B4B3 /* ValueStore.swift */; };
		4805454A272478CF0046F225 /* FrekPlaceListViewModel.swift in Sources */ = {isa = PBXBuildFile; fileRef = 48C925D12667B7EA00770D22 /* FrekPlaceListViewModel.swift */; };
		4805454B272478D00046F225 /* FrekPlaceListViewModel.swift in Sources */ = {isa = PBXBuildFile; fileRef = 48C925D12667B7EA00770D22 /* FrekPlaceListViewModel.swift */; };
		4805454C27247B8D0046F225 /* FrekDecoder.swift in Sources */ = {isa = PBXBuildFile; fileRef = 48C925DA2667D04E00770D22 /* FrekDecoder.swift */; };
		4805454D27247B8E0046F225 /* FrekDecoder.swift in Sources */ = {isa = PBXBuildFile; fileRef = 48C925DA2667D04E00770D22 /* FrekDecoder.swift */; };
		4805454E27247B980046F225 /* extensions.swift in Sources */ = {isa = PBXBuildFile; fileRef = 48C925CB2666382400770D22 /* extensions.swift */; };
		4805454F27247B990046F225 /* extensions.swift in Sources */ = {isa = PBXBuildFile; fileRef = 48C925CB2666382400770D22 /* extensions.swift */; };
		4805455027247BA30046F225 /* FrekFormatter.swift in Sources */ = {isa = PBXBuildFile; fileRef = 48C925D72667D04100770D22 /* FrekFormatter.swift */; };
		4805455127247BA40046F225 /* FrekFormatter.swift in Sources */ = {isa = PBXBuildFile; fileRef = 48C925D72667D04100770D22 /* FrekFormatter.swift */; };
		482A399F2522126900A2028A /* FrekThumbnail.swift in Sources */ = {isa = PBXBuildFile; fileRef = 482A399E2522126900A2028A /* FrekThumbnail.swift */; };
		482E2F31265E526400C60730 /* FrekPlaceAssets.xcassets in Resources */ = {isa = PBXBuildFile; fileRef = 482E2F30265E526400C60730 /* FrekPlaceAssets.xcassets */; };
		482E2F34265E6E9B00C60730 /* FrekPlaceList.swift in Sources */ = {isa = PBXBuildFile; fileRef = 482E2F33265E6E9B00C60730 /* FrekPlaceList.swift */; };
		483055E7272398AF00B9891F /* FrekWatch WatchKit Extension.appex in Embed App Extensions */ = {isa = PBXBuildFile; fileRef = 483055E6272398AF00B9891F /* FrekWatch WatchKit Extension.appex */; settings = {ATTRIBUTES = (RemoveHeadersOnCopy, ); }; };
		483055EC272398AF00B9891F /* FrekWatchApp.swift in Sources */ = {isa = PBXBuildFile; fileRef = 483055EB272398AF00B9891F /* FrekWatchApp.swift */; };
		483055F0272398AF00B9891F /* NotificationController.swift in Sources */ = {isa = PBXBuildFile; fileRef = 483055EF272398AF00B9891F /* NotificationController.swift */; };
		483055F2272398AF00B9891F /* NotificationView.swift in Sources */ = {isa = PBXBuildFile; fileRef = 483055F1272398AF00B9891F /* NotificationView.swift */; };
		483055F4272398AF00B9891F /* ComplicationController.swift in Sources */ = {isa = PBXBuildFile; fileRef = 483055F3272398AF00B9891F /* ComplicationController.swift */; };
		483055F9272398B200B9891F /* Preview Assets.xcassets in Resources */ = {isa = PBXBuildFile; fileRef = 483055F8272398B200B9891F /* Preview Assets.xcassets */; };
		483055FE272398B200B9891F /* FrekWatch.app in Embed Watch Content */ = {isa = PBXBuildFile; fileRef = 483055DE272398AB00B9891F /* FrekWatch.app */; platformFilter = ios; settings = {ATTRIBUTES = (RemoveHeadersOnCopy, ); }; };
		48435FBA2516DED200FFED01 /* MainView.swift in Sources */ = {isa = PBXBuildFile; fileRef = 48435FB92516DED200FFED01 /* MainView.swift */; };
		48435FBE2516DED500FFED01 /* Assets.xcassets in Resources */ = {isa = PBXBuildFile; fileRef = 48435FBD2516DED500FFED01 /* Assets.xcassets */; };
		48435FED2516E18F00FFED01 /* FrekPlace.swift in Sources */ = {isa = PBXBuildFile; fileRef = 48435FEC2516E18F00FFED01 /* FrekPlace.swift */; };
		485258EC2663E0E600E68193 /* FrekChart.swift in Sources */ = {isa = PBXBuildFile; fileRef = 485258EB2663E0E600E68193 /* FrekChart.swift */; };
		48548A25265EFF5300272ADB /* MapView.swift in Sources */ = {isa = PBXBuildFile; fileRef = 48548A24265EFF5300272ADB /* MapView.swift */; };
		4884D25E2517D97B0074CA5F /* FrekPlaceRow.swift in Sources */ = {isa = PBXBuildFile; fileRef = 4884D25D2517D97B0074CA5F /* FrekPlaceRow.swift */; };
		48952D3D2724422000A548CD /* FrekPlaceAssets.xcassets in Resources */ = {isa = PBXBuildFile; fileRef = 482E2F30265E526400C60730 /* FrekPlaceAssets.xcassets */; };
		48952D442724437600A548CD /* WidgetKit.framework in Frameworks */ = {isa = PBXBuildFile; fileRef = 48952D432724437600A548CD /* WidgetKit.framework */; };
		48952D462724437600A548CD /* SwiftUI.framework in Frameworks */ = {isa = PBXBuildFile; fileRef = 48952D452724437600A548CD /* SwiftUI.framework */; };
		48952D492724437600A548CD /* FrekWidget.swift in Sources */ = {isa = PBXBuildFile; fileRef = 48952D482724437600A548CD /* FrekWidget.swift */; };
		48952D4C2724437B00A548CD /* Assets.xcassets in Resources */ = {isa = PBXBuildFile; fileRef = 48952D4B2724437B00A548CD /* Assets.xcassets */; };
		48952D4E2724437B00A548CD /* Intents.intentdefinition in Sources */ = {isa = PBXBuildFile; fileRef = 48952D4A2724437600A548CD /* Intents.intentdefinition */; };
		48952D4F2724437B00A548CD /* Intents.intentdefinition in Sources */ = {isa = PBXBuildFile; fileRef = 48952D4A2724437600A548CD /* Intents.intentdefinition */; };
		48952D58272444DE00A548CD /* FrekPlace.swift in Sources */ = {isa = PBXBuildFile; fileRef = 48435FEC2516E18F00FFED01 /* FrekPlace.swift */; };
		48952D59272444E200A548CD /* FrekChart.swift in Sources */ = {isa = PBXBuildFile; fileRef = 485258EB2663E0E600E68193 /* FrekChart.swift */; };
		48952D5A272445C600A548CD /* FrekPlaceAssets.xcassets in Resources */ = {isa = PBXBuildFile; fileRef = 482E2F30265E526400C60730 /* FrekPlaceAssets.xcassets */; };
		48AF63F42729AC83009A77C9 /* SimpleFrekPlaceWidget.swift in Sources */ = {isa = PBXBuildFile; fileRef = 48AF63F32729AC83009A77C9 /* SimpleFrekPlaceWidget.swift */; };
		48AF63F62729ACCF009A77C9 /* FavoriteFrekPlaceWidget.swift in Sources */ = {isa = PBXBuildFile; fileRef = 48AF63F52729ACCF009A77C9 /* FavoriteFrekPlaceWidget.swift */; };
		48AF63FB2729B1F7009A77C9 /* FrekChartViewModel.swift in Sources */ = {isa = PBXBuildFile; fileRef = 48C925E3266801B600770D22 /* FrekChartViewModel.swift */; };
		48AF63FD2729EBA1009A77C9 /* Assets.xcassets in Resources */ = {isa = PBXBuildFile; fileRef = 48435FBD2516DED500FFED01 /* Assets.xcassets */; };
		48AF63FE2729EBA3009A77C9 /* Assets.xcassets in Resources */ = {isa = PBXBuildFile; fileRef = 48435FBD2516DED500FFED01 /* Assets.xcassets */; };
		48AF63FF2729EBA3009A77C9 /* Assets.xcassets in Resources */ = {isa = PBXBuildFile; fileRef = 48435FBD2516DED500FFED01 /* Assets.xcassets */; };
		48AF64002729EBA5009A77C9 /* Assets.xcassets in Resources */ = {isa = PBXBuildFile; fileRef = 48435FBD2516DED500FFED01 /* Assets.xcassets */; };
		48AF64012729EBAA009A77C9 /* FrekPlaceAssets.xcassets in Resources */ = {isa = PBXBuildFile; fileRef = 482E2F30265E526400C60730 /* FrekPlaceAssets.xcassets */; };
		48C6FEF1251A02BC0051B4B3 /* DeviceMeta.swift in Sources */ = {isa = PBXBuildFile; fileRef = 48C6FEF0251A02BC0051B4B3 /* DeviceMeta.swift */; };
		48C6FFE2251A42370051B4B3 /* ValueStore.swift in Sources */ = {isa = PBXBuildFile; fileRef = 48C6FFE1251A42360051B4B3 /* ValueStore.swift */; };
		48C8A4D8251A5C4800C29AAD /* ToggleFavoriteButton.swift in Sources */ = {isa = PBXBuildFile; fileRef = 48C8A4D7251A5C4800C29AAD /* ToggleFavoriteButton.swift */; };
		48C925CC2666382400770D22 /* extensions.swift in Sources */ = {isa = PBXBuildFile; fileRef = 48C925CB2666382400770D22 /* extensions.swift */; };
		48C925CF266779D700770D22 /* FrekChartRow.swift in Sources */ = {isa = PBXBuildFile; fileRef = 48C925CE266779D700770D22 /* FrekChartRow.swift */; };
		48C925D22667B7EA00770D22 /* FrekPlaceListViewModel.swift in Sources */ = {isa = PBXBuildFile; fileRef = 48C925D12667B7EA00770D22 /* FrekPlaceListViewModel.swift */; };
		48C925D82667D04100770D22 /* FrekFormatter.swift in Sources */ = {isa = PBXBuildFile; fileRef = 48C925D72667D04100770D22 /* FrekFormatter.swift */; };
		48C925DB2667D04E00770D22 /* FrekDecoder.swift in Sources */ = {isa = PBXBuildFile; fileRef = 48C925DA2667D04E00770D22 /* FrekDecoder.swift */; };
		48C925E4266801B600770D22 /* FrekChartViewModel.swift in Sources */ = {isa = PBXBuildFile; fileRef = 48C925E3266801B600770D22 /* FrekChartViewModel.swift */; };
		48D1244926226527007E1805 /* FrekPlaceDetail.swift in Sources */ = {isa = PBXBuildFile; fileRef = 48D1244826226527007E1805 /* FrekPlaceDetail.swift */; };
		48E24CDF27239939003CDCB8 /* FrekPlaceRow.swift in Sources */ = {isa = PBXBuildFile; fileRef = 48C6FEA2251938E60051B4B3 /* FrekPlaceRow.swift */; };
		48E24CE027239939003CDCB8 /* FrekPlaceListViewModel.swift in Sources */ = {isa = PBXBuildFile; fileRef = 48C925D12667B7EA00770D22 /* FrekPlaceListViewModel.swift */; };
		48E24CE127239939003CDCB8 /* FrekFormatter.swift in Sources */ = {isa = PBXBuildFile; fileRef = 48C925D72667D04100770D22 /* FrekFormatter.swift */; };
		48E24CE227239939003CDCB8 /* FrekDecoder.swift in Sources */ = {isa = PBXBuildFile; fileRef = 48C925DA2667D04E00770D22 /* FrekDecoder.swift */; };
		48E24CE327239939003CDCB8 /* FrekChartViewModel.swift in Sources */ = {isa = PBXBuildFile; fileRef = 48C925E3266801B600770D22 /* FrekChartViewModel.swift */; };
		48E24CE427239939003CDCB8 /* MapView.swift in Sources */ = {isa = PBXBuildFile; fileRef = 48548A24265EFF5300272ADB /* MapView.swift */; };
		48E24CE527239939003CDCB8 /* FrekThumbnail.swift in Sources */ = {isa = PBXBuildFile; fileRef = 482A399E2522126900A2028A /* FrekThumbnail.swift */; };
		48E24CE727239939003CDCB8 /* FrekPlaceDetail.swift in Sources */ = {isa = PBXBuildFile; fileRef = 48D1244826226527007E1805 /* FrekPlaceDetail.swift */; };
		48E24CE827239939003CDCB8 /* FrekChartRow.swift in Sources */ = {isa = PBXBuildFile; fileRef = 48C925CE266779D700770D22 /* FrekChartRow.swift */; };
		48E24CEB27239939003CDCB8 /* ValueStore.swift in Sources */ = {isa = PBXBuildFile; fileRef = 48C6FFE1251A42360051B4B3 /* ValueStore.swift */; };
		48E24CEC27239939003CDCB8 /* extensions.swift in Sources */ = {isa = PBXBuildFile; fileRef = 48C925CB2666382400770D22 /* extensions.swift */; };
		48E24CED27239939003CDCB8 /* FrekPlace.swift in Sources */ = {isa = PBXBuildFile; fileRef = 48435FEC2516E18F00FFED01 /* FrekPlace.swift */; };
		48E24CEF27239939003CDCB8 /* FrekPlaceList.swift in Sources */ = {isa = PBXBuildFile; fileRef = 482E2F33265E6E9B00C60730 /* FrekPlaceList.swift */; };
		48E24CF027239939003CDCB8 /* ToggleFavoriteButton.swift in Sources */ = {isa = PBXBuildFile; fileRef = 48C8A4D7251A5C4800C29AAD /* ToggleFavoriteButton.swift */; };
		48E24CF327239ACE003CDCB8 /* FrekChart.swift in Sources */ = {isa = PBXBuildFile; fileRef = 485258EB2663E0E600E68193 /* FrekChart.swift */; };
		A2107043291DAA040055F6AA /* AlertToast in Frameworks */ = {isa = PBXBuildFile; productRef = A2107042291DAA040055F6AA /* AlertToast */; };
		A21E796528527FD1003E28F9 /* FrekWidgetExtension WatchKit.appex in Embed Foundation Extensions */ = {isa = PBXBuildFile; fileRef = A2675B2028527E4E00AA1BE0 /* FrekWidgetExtension WatchKit.appex */; settings = {ATTRIBUTES = (RemoveHeadersOnCopy, ); }; };
		A21E79692852895D003E28F9 /* ComplicationController.swift in Sources */ = {isa = PBXBuildFile; fileRef = 483055F3272398AF00B9891F /* ComplicationController.swift */; };
		A21EE33528E1011900220E2D /* LargeChart.swift in Sources */ = {isa = PBXBuildFile; fileRef = A21EE33428E1011900220E2D /* LargeChart.swift */; };
		A21EE33628E1011900220E2D /* LargeChart.swift in Sources */ = {isa = PBXBuildFile; fileRef = A21EE33428E1011900220E2D /* LargeChart.swift */; };
		A21EE33B28E1044800220E2D /* SmallChart.swift in Sources */ = {isa = PBXBuildFile; fileRef = A21EE33A28E1044800220E2D /* SmallChart.swift */; };
		A21EE33C28E1044800220E2D /* SmallChart.swift in Sources */ = {isa = PBXBuildFile; fileRef = A21EE33A28E1044800220E2D /* SmallChart.swift */; };
		A21EE33D28E10AE700220E2D /* LargeChart.swift in Sources */ = {isa = PBXBuildFile; fileRef = A21EE33428E1011900220E2D /* LargeChart.swift */; };
		A21EE33E28E10B0700220E2D /* LargeChart.swift in Sources */ = {isa = PBXBuildFile; fileRef = A21EE33428E1011900220E2D /* LargeChart.swift */; };
		A2675B0328527E4E00AA1BE0 /* FrekDecoder.swift in Sources */ = {isa = PBXBuildFile; fileRef = 48C925DA2667D04E00770D22 /* FrekDecoder.swift */; };
		A2675B0428527E4E00AA1BE0 /* SimpleFrekPlaceWidget.swift in Sources */ = {isa = PBXBuildFile; fileRef = 48AF63F32729AC83009A77C9 /* SimpleFrekPlaceWidget.swift */; };
		A2675B0528527E4E00AA1BE0 /* FrekThumbnail.swift in Sources */ = {isa = PBXBuildFile; fileRef = 482A399E2522126900A2028A /* FrekThumbnail.swift */; };
		A2675B0628527E4E00AA1BE0 /* LocalStore.swift in Sources */ = {isa = PBXBuildFile; fileRef = A2CDB2FE2800EB6A0036AE8E /* LocalStore.swift */; };
		A2675B0728527E4E00AA1BE0 /* ValueStore.swift in Sources */ = {isa = PBXBuildFile; fileRef = 48C6FFE1251A42360051B4B3 /* ValueStore.swift */; };
		A2675B0828527E4E00AA1BE0 /* FrekFormatter.swift in Sources */ = {isa = PBXBuildFile; fileRef = 48C925D72667D04100770D22 /* FrekFormatter.swift */; };
		A2675B0928527E4E00AA1BE0 /* FrekChartViewModel.swift in Sources */ = {isa = PBXBuildFile; fileRef = 48C925E3266801B600770D22 /* FrekChartViewModel.swift */; };
		A2675B0A28527E4E00AA1BE0 /* FrekChart.swift in Sources */ = {isa = PBXBuildFile; fileRef = 485258EB2663E0E600E68193 /* FrekChart.swift */; };
		A2675B0B28527E4E00AA1BE0 /* FrekPlace.swift in Sources */ = {isa = PBXBuildFile; fileRef = 48435FEC2516E18F00FFED01 /* FrekPlace.swift */; };
		A2675B0C28527E4E00AA1BE0 /* FrekPlaceListViewModel.swift in Sources */ = {isa = PBXBuildFile; fileRef = 48C925D12667B7EA00770D22 /* FrekPlaceListViewModel.swift */; };
		A2675B0D28527E4E00AA1BE0 /* extensions.swift in Sources */ = {isa = PBXBuildFile; fileRef = 48C925CB2666382400770D22 /* extensions.swift */; };
		A2675B0E28527E4E00AA1BE0 /* WebFetcher.swift in Sources */ = {isa = PBXBuildFile; fileRef = A2CDB2F92800E1FA0036AE8E /* WebFetcher.swift */; };
		A2675B0F28527E4E00AA1BE0 /* IntentHandler.swift in Sources */ = {isa = PBXBuildFile; fileRef = 4805452F2724547B0046F225 /* IntentHandler.swift */; };
		A2675B1128527E4E00AA1BE0 /* Intents.intentdefinition in Sources */ = {isa = PBXBuildFile; fileRef = 48952D4A2724437600A548CD /* Intents.intentdefinition */; };
		A2675B1228527E4E00AA1BE0 /* FrekWidget.swift in Sources */ = {isa = PBXBuildFile; fileRef = 48952D482724437600A548CD /* FrekWidget.swift */; };
		A2675B1328527E4E00AA1BE0 /* DeviceMeta.swift in Sources */ = {isa = PBXBuildFile; fileRef = 48C6FEF0251A02BC0051B4B3 /* DeviceMeta.swift */; };
		A2675B1628527E4E00AA1BE0 /* SwiftUI.framework in Frameworks */ = {isa = PBXBuildFile; fileRef = 48952D452724437600A548CD /* SwiftUI.framework */; };
		A2675B1728527E4E00AA1BE0 /* WidgetKit.framework in Frameworks */ = {isa = PBXBuildFile; fileRef = 48952D432724437600A548CD /* WidgetKit.framework */; };
		A2675B1928527E4E00AA1BE0 /* FrekPlaceAssets.xcassets in Resources */ = {isa = PBXBuildFile; fileRef = 482E2F30265E526400C60730 /* FrekPlaceAssets.xcassets */; };
		A2675B1A28527E4E00AA1BE0 /* db.json in Resources */ = {isa = PBXBuildFile; fileRef = A2CDB2ED2800D9E90036AE8E /* db.json */; };
		A2675B1B28527E4E00AA1BE0 /* Assets.xcassets in Resources */ = {isa = PBXBuildFile; fileRef = 48435FBD2516DED500FFED01 /* Assets.xcassets */; };
		A2675B1C28527E4E00AA1BE0 /* Assets.xcassets in Resources */ = {isa = PBXBuildFile; fileRef = 48952D4B2724437B00A548CD /* Assets.xcassets */; };
		A2CDB2EE2800D9EA0036AE8E /* db.json in Resources */ = {isa = PBXBuildFile; fileRef = A2CDB2ED2800D9E90036AE8E /* db.json */; };
		A2CDB2EF2800D9EA0036AE8E /* db.json in Resources */ = {isa = PBXBuildFile; fileRef = A2CDB2ED2800D9E90036AE8E /* db.json */; };
		A2CDB2F02800D9EA0036AE8E /* db.json in Resources */ = {isa = PBXBuildFile; fileRef = A2CDB2ED2800D9E90036AE8E /* db.json */; };
		A2CDB2F12800D9EA0036AE8E /* db.json in Resources */ = {isa = PBXBuildFile; fileRef = A2CDB2ED2800D9E90036AE8E /* db.json */; };
		A2CDB2F22800D9EA0036AE8E /* db.json in Resources */ = {isa = PBXBuildFile; fileRef = A2CDB2ED2800D9E90036AE8E /* db.json */; };
		A2CDB2FA2800E1FA0036AE8E /* WebFetcher.swift in Sources */ = {isa = PBXBuildFile; fileRef = A2CDB2F92800E1FA0036AE8E /* WebFetcher.swift */; };
		A2CDB2FB2800E1FA0036AE8E /* WebFetcher.swift in Sources */ = {isa = PBXBuildFile; fileRef = A2CDB2F92800E1FA0036AE8E /* WebFetcher.swift */; };
		A2CDB2FC2800E1FA0036AE8E /* WebFetcher.swift in Sources */ = {isa = PBXBuildFile; fileRef = A2CDB2F92800E1FA0036AE8E /* WebFetcher.swift */; };
		A2CDB2FD2800E1FA0036AE8E /* WebFetcher.swift in Sources */ = {isa = PBXBuildFile; fileRef = A2CDB2F92800E1FA0036AE8E /* WebFetcher.swift */; };
		A2CDB2FF2800EB6A0036AE8E /* LocalStore.swift in Sources */ = {isa = PBXBuildFile; fileRef = A2CDB2FE2800EB6A0036AE8E /* LocalStore.swift */; };
		A2CDB3002800EB6A0036AE8E /* LocalStore.swift in Sources */ = {isa = PBXBuildFile; fileRef = A2CDB2FE2800EB6A0036AE8E /* LocalStore.swift */; };
		A2CDB3012800EB6A0036AE8E /* LocalStore.swift in Sources */ = {isa = PBXBuildFile; fileRef = A2CDB2FE2800EB6A0036AE8E /* LocalStore.swift */; };
		A2CDB3022800EB6A0036AE8E /* LocalStore.swift in Sources */ = {isa = PBXBuildFile; fileRef = A2CDB2FE2800EB6A0036AE8E /* LocalStore.swift */; };
		A2CDB3032800FEC90036AE8E /* DeviceMeta.swift in Sources */ = {isa = PBXBuildFile; fileRef = 48C6FEF0251A02BC0051B4B3 /* DeviceMeta.swift */; };
		A2CDB3042800FED60036AE8E /* DeviceMeta.swift in Sources */ = {isa = PBXBuildFile; fileRef = 48C6FEF0251A02BC0051B4B3 /* DeviceMeta.swift */; };
		A2CDB3052800FED70036AE8E /* DeviceMeta.swift in Sources */ = {isa = PBXBuildFile; fileRef = 48C6FEF0251A02BC0051B4B3 /* DeviceMeta.swift */; };
/* End PBXBuildFile section */

/* Begin PBXContainerItemProxy section */
		480544F927244DAC0046F225 /* PBXContainerItemProxy */ = {
			isa = PBXContainerItemProxy;
			containerPortal = 48435FAE2516DED200FFED01 /* Project object */;
			proxyType = 1;
			remoteGlobalIDString = 48952D412724437600A548CD;
			remoteInfo = FrekWidgetExtension;
		};
		4805453D272459990046F225 /* PBXContainerItemProxy */ = {
			isa = PBXContainerItemProxy;
			containerPortal = 48435FAE2516DED200FFED01 /* Project object */;
			proxyType = 1;
			remoteGlobalIDString = 48054536272459990046F225;
			remoteInfo = FrekIntent;
		};
		483055E8272398AF00B9891F /* PBXContainerItemProxy */ = {
			isa = PBXContainerItemProxy;
			containerPortal = 48435FAE2516DED200FFED01 /* Project object */;
			proxyType = 1;
			remoteGlobalIDString = 483055E5272398AF00B9891F;
			remoteInfo = "FrekWatch WatchKit Extension";
		};
		48952D3B2724394700A548CD /* PBXContainerItemProxy */ = {
			isa = PBXContainerItemProxy;
			containerPortal = 48435FAE2516DED200FFED01 /* Project object */;
			proxyType = 1;
			remoteGlobalIDString = 483055DD272398AB00B9891F;
			remoteInfo = FrekWatch;
		};
		A21E796628527FD1003E28F9 /* PBXContainerItemProxy */ = {
			isa = PBXContainerItemProxy;
			containerPortal = 48435FAE2516DED200FFED01 /* Project object */;
			proxyType = 1;
			remoteGlobalIDString = A2675AFF28527E4E00AA1BE0;
			remoteInfo = "FrekWidgetExtension WatchKit";
		};
/* End PBXContainerItemProxy section */

/* Begin PBXCopyFilesBuildPhase section */
		480544FB27244DAC0046F225 /* Embed App Extensions */ = {
			isa = PBXCopyFilesBuildPhase;
			buildActionMask = 2147483647;
			dstPath = "";
			dstSubfolderSpec = 13;
			files = (
				4805453F272459990046F225 /* FrekIntent.appex in Embed App Extensions */,
				480544F827244DAC0046F225 /* FrekWidgetExtension.appex in Embed App Extensions */,
			);
			name = "Embed App Extensions";
			runOnlyForDeploymentPostprocessing = 0;
		};
		48305602272398B200B9891F /* Embed App Extensions */ = {
			isa = PBXCopyFilesBuildPhase;
			buildActionMask = 2147483647;
			dstPath = "";
			dstSubfolderSpec = 13;
			files = (
				483055E7272398AF00B9891F /* FrekWatch WatchKit Extension.appex in Embed App Extensions */,
			);
			name = "Embed App Extensions";
			runOnlyForDeploymentPostprocessing = 0;
		};
		48305606272398B200B9891F /* Embed Watch Content */ = {
			isa = PBXCopyFilesBuildPhase;
			buildActionMask = 2147483647;
			dstPath = "$(CONTENTS_FOLDER_PATH)/Watch";
			dstSubfolderSpec = 16;
			files = (
				483055FE272398B200B9891F /* FrekWatch.app in Embed Watch Content */,
			);
			name = "Embed Watch Content";
			runOnlyForDeploymentPostprocessing = 0;
		};
		A21E796828527FD1003E28F9 /* Embed Foundation Extensions */ = {
			isa = PBXCopyFilesBuildPhase;
			buildActionMask = 2147483647;
			dstPath = "";
			dstSubfolderSpec = 13;
			files = (
				A21E796528527FD1003E28F9 /* FrekWidgetExtension WatchKit.appex in Embed Foundation Extensions */,
			);
			name = "Embed Foundation Extensions";
			runOnlyForDeploymentPostprocessing = 0;
		};
/* End PBXCopyFilesBuildPhase section */

/* Begin PBXFileReference section */
		4805450D272453E40046F225 /* Intents.framework */ = {isa = PBXFileReference; lastKnownFileType = wrapper.framework; name = Intents.framework; path = System/Library/Frameworks/Intents.framework; sourceTree = SDKROOT; };
		48054518272453E40046F225 /* IntentsUI.framework */ = {isa = PBXFileReference; lastKnownFileType = wrapper.framework; name = IntentsUI.framework; path = System/Library/Frameworks/IntentsUI.framework; sourceTree = SDKROOT; };
		4805452F2724547B0046F225 /* IntentHandler.swift */ = {isa = PBXFileReference; lastKnownFileType = sourcecode.swift; path = IntentHandler.swift; sourceTree = "<group>"; };
		48054537272459990046F225 /* FrekIntent.appex */ = {isa = PBXFileReference; explicitFileType = "wrapper.app-extension"; includeInIndex = 0; path = FrekIntent.appex; sourceTree = BUILT_PRODUCTS_DIR; };
		4805453C272459990046F225 /* Info.plist */ = {isa = PBXFileReference; lastKnownFileType = text.plist.xml; path = Info.plist; sourceTree = "<group>"; };
		48054540272459990046F225 /* FrekIntent.entitlements */ = {isa = PBXFileReference; lastKnownFileType = text.plist.entitlements; path = FrekIntent.entitlements; sourceTree = "<group>"; };
		480545542725FF220046F225 /* FrekWatch WatchKit Extension.entitlements */ = {isa = PBXFileReference; lastKnownFileType = text.plist.entitlements; path = "FrekWatch WatchKit Extension.entitlements"; sourceTree = "<group>"; };
		480545552725FF300046F225 /* FrekWatch.entitlements */ = {isa = PBXFileReference; lastKnownFileType = text.plist.entitlements; path = FrekWatch.entitlements; sourceTree = "<group>"; };
		480669FD2673452900B77032 /* Frek.entitlements */ = {isa = PBXFileReference; lastKnownFileType = text.plist.entitlements; path = Frek.entitlements; sourceTree = "<group>"; };
		482A399E2522126900A2028A /* FrekThumbnail.swift */ = {isa = PBXFileReference; lastKnownFileType = sourcecode.swift; path = FrekThumbnail.swift; sourceTree = "<group>"; };
		482E2F30265E526400C60730 /* FrekPlaceAssets.xcassets */ = {isa = PBXFileReference; lastKnownFileType = folder.assetcatalog; path = FrekPlaceAssets.xcassets; sourceTree = "<group>"; };
		482E2F33265E6E9B00C60730 /* FrekPlaceList.swift */ = {isa = PBXFileReference; fileEncoding = 4; lastKnownFileType = sourcecode.swift; path = FrekPlaceList.swift; sourceTree = "<group>"; };
		483055DE272398AB00B9891F /* FrekWatch.app */ = {isa = PBXFileReference; explicitFileType = wrapper.application; includeInIndex = 0; path = FrekWatch.app; sourceTree = BUILT_PRODUCTS_DIR; };
		483055E6272398AF00B9891F /* FrekWatch WatchKit Extension.appex */ = {isa = PBXFileReference; explicitFileType = "wrapper.app-extension"; includeInIndex = 0; path = "FrekWatch WatchKit Extension.appex"; sourceTree = BUILT_PRODUCTS_DIR; };
		483055EB272398AF00B9891F /* FrekWatchApp.swift */ = {isa = PBXFileReference; lastKnownFileType = sourcecode.swift; path = FrekWatchApp.swift; sourceTree = "<group>"; };
		483055EF272398AF00B9891F /* NotificationController.swift */ = {isa = PBXFileReference; lastKnownFileType = sourcecode.swift; path = NotificationController.swift; sourceTree = "<group>"; };
		483055F1272398AF00B9891F /* NotificationView.swift */ = {isa = PBXFileReference; lastKnownFileType = sourcecode.swift; path = NotificationView.swift; sourceTree = "<group>"; };
		483055F3272398AF00B9891F /* ComplicationController.swift */ = {isa = PBXFileReference; lastKnownFileType = sourcecode.swift; path = ComplicationController.swift; sourceTree = "<group>"; };
		483055F8272398B200B9891F /* Preview Assets.xcassets */ = {isa = PBXFileReference; lastKnownFileType = folder.assetcatalog; path = "Preview Assets.xcassets"; sourceTree = "<group>"; };
		483055FA272398B200B9891F /* Info.plist */ = {isa = PBXFileReference; lastKnownFileType = text.plist.xml; path = Info.plist; sourceTree = "<group>"; };
		483055FB272398B200B9891F /* PushNotificationPayload.apns */ = {isa = PBXFileReference; lastKnownFileType = text; path = PushNotificationPayload.apns; sourceTree = "<group>"; };
		48435FB62516DED200FFED01 /* Frek.app */ = {isa = PBXFileReference; explicitFileType = wrapper.application; includeInIndex = 0; path = Frek.app; sourceTree = BUILT_PRODUCTS_DIR; };
		48435FB92516DED200FFED01 /* MainView.swift */ = {isa = PBXFileReference; lastKnownFileType = sourcecode.swift; path = MainView.swift; sourceTree = "<group>"; };
		48435FBD2516DED500FFED01 /* Assets.xcassets */ = {isa = PBXFileReference; lastKnownFileType = folder.assetcatalog; path = Assets.xcassets; sourceTree = "<group>"; };
		48435FC22516DED500FFED01 /* Info.plist */ = {isa = PBXFileReference; lastKnownFileType = text.plist.xml; path = Info.plist; sourceTree = "<group>"; };
		48435FEC2516E18F00FFED01 /* FrekPlace.swift */ = {isa = PBXFileReference; lastKnownFileType = sourcecode.swift; path = FrekPlace.swift; sourceTree = "<group>"; };
		485258EB2663E0E600E68193 /* FrekChart.swift */ = {isa = PBXFileReference; lastKnownFileType = sourcecode.swift; path = FrekChart.swift; sourceTree = "<group>"; };
		48548A24265EFF5300272ADB /* MapView.swift */ = {isa = PBXFileReference; lastKnownFileType = sourcecode.swift; path = MapView.swift; sourceTree = "<group>"; };
		4884D25D2517D97B0074CA5F /* FrekPlaceRow.swift */ = {isa = PBXFileReference; lastKnownFileType = sourcecode.swift; path = FrekPlaceRow.swift; sourceTree = "<group>"; };
		48952D422724437600A548CD /* FrekWidgetExtension.appex */ = {isa = PBXFileReference; explicitFileType = "wrapper.app-extension"; includeInIndex = 0; path = FrekWidgetExtension.appex; sourceTree = BUILT_PRODUCTS_DIR; };
		48952D432724437600A548CD /* WidgetKit.framework */ = {isa = PBXFileReference; lastKnownFileType = wrapper.framework; name = WidgetKit.framework; path = System/Library/Frameworks/WidgetKit.framework; sourceTree = SDKROOT; };
		48952D452724437600A548CD /* SwiftUI.framework */ = {isa = PBXFileReference; lastKnownFileType = wrapper.framework; name = SwiftUI.framework; path = System/Library/Frameworks/SwiftUI.framework; sourceTree = SDKROOT; };
		48952D482724437600A548CD /* FrekWidget.swift */ = {isa = PBXFileReference; lastKnownFileType = sourcecode.swift; path = FrekWidget.swift; sourceTree = "<group>"; };
		48952D4A2724437600A548CD /* Intents.intentdefinition */ = {isa = PBXFileReference; lastKnownFileType = file.intentdefinition; path = Intents.intentdefinition; sourceTree = "<group>"; };
		48952D4B2724437B00A548CD /* Assets.xcassets */ = {isa = PBXFileReference; lastKnownFileType = folder.assetcatalog; path = Assets.xcassets; sourceTree = "<group>"; };
		48952D4D2724437B00A548CD /* Info.plist */ = {isa = PBXFileReference; lastKnownFileType = text.plist.xml; path = Info.plist; sourceTree = "<group>"; };
		48952D532724437B00A548CD /* FrekWidgetExtension.entitlements */ = {isa = PBXFileReference; lastKnownFileType = text.plist.entitlements; path = FrekWidgetExtension.entitlements; sourceTree = "<group>"; };
		48AF63F32729AC83009A77C9 /* SimpleFrekPlaceWidget.swift */ = {isa = PBXFileReference; lastKnownFileType = sourcecode.swift; path = SimpleFrekPlaceWidget.swift; sourceTree = "<group>"; };
		48AF63F52729ACCF009A77C9 /* FavoriteFrekPlaceWidget.swift */ = {isa = PBXFileReference; lastKnownFileType = sourcecode.swift; path = FavoriteFrekPlaceWidget.swift; sourceTree = "<group>"; };
		48C6FEA2251938E60051B4B3 /* FrekPlaceRow.swift */ = {isa = PBXFileReference; lastKnownFileType = sourcecode.swift; path = FrekPlaceRow.swift; sourceTree = "<group>"; };
		48C6FEF0251A02BC0051B4B3 /* DeviceMeta.swift */ = {isa = PBXFileReference; lastKnownFileType = sourcecode.swift; path = DeviceMeta.swift; sourceTree = "<group>"; };
		48C6FFE1251A42360051B4B3 /* ValueStore.swift */ = {isa = PBXFileReference; lastKnownFileType = sourcecode.swift; path = ValueStore.swift; sourceTree = "<group>"; };
		48C8A4D7251A5C4800C29AAD /* ToggleFavoriteButton.swift */ = {isa = PBXFileReference; lastKnownFileType = sourcecode.swift; path = ToggleFavoriteButton.swift; sourceTree = "<group>"; };
		48C925CB2666382400770D22 /* extensions.swift */ = {isa = PBXFileReference; lastKnownFileType = sourcecode.swift; path = extensions.swift; sourceTree = "<group>"; };
		48C925CE266779D700770D22 /* FrekChartRow.swift */ = {isa = PBXFileReference; lastKnownFileType = sourcecode.swift; path = FrekChartRow.swift; sourceTree = "<group>"; };
		48C925D12667B7EA00770D22 /* FrekPlaceListViewModel.swift */ = {isa = PBXFileReference; lastKnownFileType = sourcecode.swift; path = FrekPlaceListViewModel.swift; sourceTree = "<group>"; };
		48C925D72667D04100770D22 /* FrekFormatter.swift */ = {isa = PBXFileReference; lastKnownFileType = sourcecode.swift; path = FrekFormatter.swift; sourceTree = "<group>"; };
		48C925DA2667D04E00770D22 /* FrekDecoder.swift */ = {isa = PBXFileReference; lastKnownFileType = sourcecode.swift; path = FrekDecoder.swift; sourceTree = "<group>"; };
		48C925E3266801B600770D22 /* FrekChartViewModel.swift */ = {isa = PBXFileReference; lastKnownFileType = sourcecode.swift; path = FrekChartViewModel.swift; sourceTree = "<group>"; };
		48D1244826226527007E1805 /* FrekPlaceDetail.swift */ = {isa = PBXFileReference; lastKnownFileType = sourcecode.swift; path = FrekPlaceDetail.swift; sourceTree = "<group>"; };
		A21EE33428E1011900220E2D /* LargeChart.swift */ = {isa = PBXFileReference; lastKnownFileType = sourcecode.swift; path = LargeChart.swift; sourceTree = "<group>"; };
		A21EE33A28E1044800220E2D /* SmallChart.swift */ = {isa = PBXFileReference; lastKnownFileType = sourcecode.swift; path = SmallChart.swift; sourceTree = "<group>"; };
		A2675B2028527E4E00AA1BE0 /* FrekWidgetExtension WatchKit.appex */ = {isa = PBXFileReference; explicitFileType = "wrapper.app-extension"; includeInIndex = 0; path = "FrekWidgetExtension WatchKit.appex"; sourceTree = BUILT_PRODUCTS_DIR; };
		A2675B2128527E4E00AA1BE0 /* FrekWidgetExtension-Info.plist */ = {isa = PBXFileReference; lastKnownFileType = text.plist.xml; name = "FrekWidgetExtension-Info.plist"; path = "/Users/equilab/Documents/Frek/FrekWidgetExtension-Info.plist"; sourceTree = "<absolute>"; };
		A2CDB2ED2800D9E90036AE8E /* db.json */ = {isa = PBXFileReference; fileEncoding = 4; lastKnownFileType = text.json; path = db.json; sourceTree = "<group>"; };
		A2CDB2F92800E1FA0036AE8E /* WebFetcher.swift */ = {isa = PBXFileReference; lastKnownFileType = sourcecode.swift; path = WebFetcher.swift; sourceTree = "<group>"; };
		A2CDB2FE2800EB6A0036AE8E /* LocalStore.swift */ = {isa = PBXFileReference; lastKnownFileType = sourcecode.swift; path = LocalStore.swift; sourceTree = "<group>"; };
/* End PBXFileReference section */

/* Begin PBXFrameworksBuildPhase section */
		48054534272459990046F225 /* Frameworks */ = {
			isa = PBXFrameworksBuildPhase;
			buildActionMask = 2147483647;
			files = (
				48054538272459990046F225 /* Intents.framework in Frameworks */,
			);
			runOnlyForDeploymentPostprocessing = 0;
		};
		483055E3272398AF00B9891F /* Frameworks */ = {
			isa = PBXFrameworksBuildPhase;
			buildActionMask = 2147483647;
			files = (
			);
			runOnlyForDeploymentPostprocessing = 0;
		};
		48435FB32516DED200FFED01 /* Frameworks */ = {
			isa = PBXFrameworksBuildPhase;
			buildActionMask = 2147483647;
			files = (
				A2107043291DAA040055F6AA /* AlertToast in Frameworks */,
			);
			runOnlyForDeploymentPostprocessing = 0;
		};
		48952D3F2724437600A548CD /* Frameworks */ = {
			isa = PBXFrameworksBuildPhase;
			buildActionMask = 2147483647;
			files = (
				48952D462724437600A548CD /* SwiftUI.framework in Frameworks */,
				48952D442724437600A548CD /* WidgetKit.framework in Frameworks */,
			);
			runOnlyForDeploymentPostprocessing = 0;
		};
		A2675B1428527E4E00AA1BE0 /* Frameworks */ = {
			isa = PBXFrameworksBuildPhase;
			buildActionMask = 2147483647;
			files = (
				A2675B1628527E4E00AA1BE0 /* SwiftUI.framework in Frameworks */,
				A2675B1728527E4E00AA1BE0 /* WidgetKit.framework in Frameworks */,
			);
			runOnlyForDeploymentPostprocessing = 0;
		};
/* End PBXFrameworksBuildPhase section */

/* Begin PBXGroup section */
		48054539272459990046F225 /* FrekIntent */ = {
			isa = PBXGroup;
			children = (
				48054540272459990046F225 /* FrekIntent.entitlements */,
				48952D4A2724437600A548CD /* Intents.intentdefinition */,
				4805452F2724547B0046F225 /* IntentHandler.swift */,
				4805453C272459990046F225 /* Info.plist */,
			);
			path = FrekIntent;
			sourceTree = "<group>";
		};
		483055DF272398AB00B9891F /* FrekWatch */ = {
			isa = PBXGroup;
			children = (
				480545552725FF300046F225 /* FrekWatch.entitlements */,
			);
			path = FrekWatch;
			sourceTree = "<group>";
		};
		483055EA272398AF00B9891F /* FrekWatch WatchKit Extension */ = {
			isa = PBXGroup;
			children = (
				480545542725FF220046F225 /* FrekWatch WatchKit Extension.entitlements */,
				483055EF272398AF00B9891F /* NotificationController.swift */,
				483055F1272398AF00B9891F /* NotificationView.swift */,
				483055F3272398AF00B9891F /* ComplicationController.swift */,
				483055FA272398B200B9891F /* Info.plist */,
				483055FB272398B200B9891F /* PushNotificationPayload.apns */,
				483055F7272398B200B9891F /* Preview Content */,
			);
			path = "FrekWatch WatchKit Extension";
			sourceTree = "<group>";
		};
		483055F7272398B200B9891F /* Preview Content */ = {
			isa = PBXGroup;
			children = (
				483055F8272398B200B9891F /* Preview Assets.xcassets */,
			);
			path = "Preview Content";
			sourceTree = "<group>";
		};
		483A3C5C2518316000FB37C5 /* Frek */ = {
			isa = PBXGroup;
			children = (
				480669FD2673452900B77032 /* Frek.entitlements */,
				48435FC22516DED500FFED01 /* Info.plist */,
			);
			path = Frek;
			sourceTree = "<group>";
		};
		48435FAD2516DED200FFED01 = {
			isa = PBXGroup;
			children = (
				48952D532724437B00A548CD /* FrekWidgetExtension.entitlements */,
				483A3C5C2518316000FB37C5 /* Frek */,
				48E24CF42724371E003CDCB8 /* Source */,
				48CBDF762519026300742F9B /* Utils */,
				4884D2132517C81D0074CA5F /* Ressources */,
				483055DF272398AB00B9891F /* FrekWatch */,
				483055EA272398AF00B9891F /* FrekWatch WatchKit Extension */,
				48952D472724437600A548CD /* FrekWidget */,
				48054539272459990046F225 /* FrekIntent */,
				48435FB72516DED200FFED01 /* Products */,
				48952D3A2724394400A548CD /* Frameworks */,
				A2675B2128527E4E00AA1BE0 /* FrekWidgetExtension-Info.plist */,
			);
			sourceTree = "<group>";
		};
		48435FB72516DED200FFED01 /* Products */ = {
			isa = PBXGroup;
			children = (
				48435FB62516DED200FFED01 /* Frek.app */,
				483055DE272398AB00B9891F /* FrekWatch.app */,
				483055E6272398AF00B9891F /* FrekWatch WatchKit Extension.appex */,
				48952D422724437600A548CD /* FrekWidgetExtension.appex */,
				48054537272459990046F225 /* FrekIntent.appex */,
				A2675B2028527E4E00AA1BE0 /* FrekWidgetExtension WatchKit.appex */,
			);
			name = Products;
			sourceTree = "<group>";
		};
		48435FB82516DED200FFED01 /* IOSView */ = {
			isa = PBXGroup;
			children = (
				48435FB92516DED200FFED01 /* MainView.swift */,
				4884D25D2517D97B0074CA5F /* FrekPlaceRow.swift */,
			);
			path = IOSView;
			sourceTree = "<group>";
		};
		4884D1DF25177B690074CA5F /* WatchOSView */ = {
			isa = PBXGroup;
			children = (
				483055EB272398AF00B9891F /* FrekWatchApp.swift */,
				48C6FEA2251938E60051B4B3 /* FrekPlaceRow.swift */,
			);
			path = WatchOSView;
			sourceTree = "<group>";
		};
		4884D20B2517C7B70074CA5F /* Model */ = {
			isa = PBXGroup;
			children = (
				48435FEC2516E18F00FFED01 /* FrekPlace.swift */,
				485258EB2663E0E600E68193 /* FrekChart.swift */,
			);
			path = Model;
			sourceTree = "<group>";
		};
		4884D2132517C81D0074CA5F /* Ressources */ = {
			isa = PBXGroup;
			children = (
				A2CDB2ED2800D9E90036AE8E /* db.json */,
				48435FBD2516DED500FFED01 /* Assets.xcassets */,
				482E2F30265E526400C60730 /* FrekPlaceAssets.xcassets */,
			);
			path = Ressources;
			sourceTree = "<group>";
		};
		48952D3A2724394400A548CD /* Frameworks */ = {
			isa = PBXGroup;
			children = (
				48952D432724437600A548CD /* WidgetKit.framework */,
				48952D452724437600A548CD /* SwiftUI.framework */,
				4805450D272453E40046F225 /* Intents.framework */,
				48054518272453E40046F225 /* IntentsUI.framework */,
			);
			name = Frameworks;
			sourceTree = "<group>";
		};
		48952D472724437600A548CD /* FrekWidget */ = {
			isa = PBXGroup;
			children = (
				48952D482724437600A548CD /* FrekWidget.swift */,
				48AF63F32729AC83009A77C9 /* SimpleFrekPlaceWidget.swift */,
				48AF63F52729ACCF009A77C9 /* FavoriteFrekPlaceWidget.swift */,
				48952D4B2724437B00A548CD /* Assets.xcassets */,
				48952D4D2724437B00A548CD /* Info.plist */,
			);
			path = FrekWidget;
			sourceTree = "<group>";
		};
		48C8A4D6251A5C0E00C29AAD /* View */ = {
			isa = PBXGroup;
			children = (
				482E2F33265E6E9B00C60730 /* FrekPlaceList.swift */,
				482A399E2522126900A2028A /* FrekThumbnail.swift */,
				48C8A4D7251A5C4800C29AAD /* ToggleFavoriteButton.swift */,
				48D1244826226527007E1805 /* FrekPlaceDetail.swift */,
				48C925CE266779D700770D22 /* FrekChartRow.swift */,
				48435FB82516DED200FFED01 /* IOSView */,
				4884D1DF25177B690074CA5F /* WatchOSView */,
				48548A24265EFF5300272ADB /* MapView.swift */,
				A21EE33428E1011900220E2D /* LargeChart.swift */,
				A21EE33A28E1044800220E2D /* SmallChart.swift */,
			);
			path = View;
			sourceTree = "<group>";
		};
		48C925D02667B7C200770D22 /* ViewModel */ = {
			isa = PBXGroup;
			children = (
				A2CDB2F32800E1AB0036AE8E /* FrekProvider */,
				48C925D12667B7EA00770D22 /* FrekPlaceListViewModel.swift */,
				48C925E3266801B600770D22 /* FrekChartViewModel.swift */,
			);
			path = ViewModel;
			sourceTree = "<group>";
		};
		48CBDF762519026300742F9B /* Utils */ = {
			isa = PBXGroup;
			children = (
				48C6FEF0251A02BC0051B4B3 /* DeviceMeta.swift */,
				48C6FFE1251A42360051B4B3 /* ValueStore.swift */,
				48C925CB2666382400770D22 /* extensions.swift */,
				48C925D72667D04100770D22 /* FrekFormatter.swift */,
				48C925DA2667D04E00770D22 /* FrekDecoder.swift */,
			);
			path = Utils;
			sourceTree = "<group>";
		};
		48E24CF42724371E003CDCB8 /* Source */ = {
			isa = PBXGroup;
			children = (
				48C925D02667B7C200770D22 /* ViewModel */,
				4884D20B2517C7B70074CA5F /* Model */,
				48C8A4D6251A5C0E00C29AAD /* View */,
			);
			path = Source;
			sourceTree = "<group>";
		};
		A2CDB2F32800E1AB0036AE8E /* FrekProvider */ = {
			isa = PBXGroup;
			children = (
				A2CDB2F92800E1FA0036AE8E /* WebFetcher.swift */,
				A2CDB2FE2800EB6A0036AE8E /* LocalStore.swift */,
			);
			path = FrekProvider;
			sourceTree = "<group>";
		};
/* End PBXGroup section */

/* Begin PBXNativeTarget section */
		48054536272459990046F225 /* FrekIntent */ = {
			isa = PBXNativeTarget;
			buildConfigurationList = 480545412724599A0046F225 /* Build configuration list for PBXNativeTarget "FrekIntent" */;
			buildPhases = (
				48054533272459990046F225 /* Sources */,
				48054534272459990046F225 /* Frameworks */,
				48054535272459990046F225 /* Resources */,
			);
			buildRules = (
			);
			dependencies = (
			);
			name = FrekIntent;
			productName = FrekIntent;
			productReference = 48054537272459990046F225 /* FrekIntent.appex */;
			productType = "com.apple.product-type.app-extension";
		};
		483055DD272398AB00B9891F /* FrekWatch */ = {
			isa = PBXNativeTarget;
			buildConfigurationList = 48305603272398B200B9891F /* Build configuration list for PBXNativeTarget "FrekWatch" */;
			buildPhases = (
				483055DC272398AB00B9891F /* Resources */,
				48305602272398B200B9891F /* Embed App Extensions */,
			);
			buildRules = (
			);
			dependencies = (
				483055E9272398AF00B9891F /* PBXTargetDependency */,
			);
			name = FrekWatch;
			productName = FrekWatch;
			productReference = 483055DE272398AB00B9891F /* FrekWatch.app */;
			productType = "com.apple.product-type.application.watchapp2";
		};
		483055E5272398AF00B9891F /* FrekWatch WatchKit Extension */ = {
			isa = PBXNativeTarget;
			buildConfigurationList = 483055FF272398B200B9891F /* Build configuration list for PBXNativeTarget "FrekWatch WatchKit Extension" */;
			buildPhases = (
				483055E2272398AF00B9891F /* Sources */,
				483055E3272398AF00B9891F /* Frameworks */,
				483055E4272398AF00B9891F /* Resources */,
				A21E796828527FD1003E28F9 /* Embed Foundation Extensions */,
			);
			buildRules = (
			);
			dependencies = (
				A21E796728527FD1003E28F9 /* PBXTargetDependency */,
			);
			name = "FrekWatch WatchKit Extension";
			packageProductDependencies = (
			);
			productName = "FrekWatch WatchKit Extension";
			productReference = 483055E6272398AF00B9891F /* FrekWatch WatchKit Extension.appex */;
			productType = "com.apple.product-type.watchkit2-extension";
		};
		48435FB52516DED200FFED01 /* Frek */ = {
			isa = PBXNativeTarget;
			buildConfigurationList = 48435FDB2516DED500FFED01 /* Build configuration list for PBXNativeTarget "Frek" */;
			buildPhases = (
				48435FB22516DED200FFED01 /* Sources */,
				48435FB32516DED200FFED01 /* Frameworks */,
				48435FB42516DED200FFED01 /* Resources */,
				48305606272398B200B9891F /* Embed Watch Content */,
				480544FB27244DAC0046F225 /* Embed App Extensions */,
			);
			buildRules = (
			);
			dependencies = (
				48952D3C2724394700A548CD /* PBXTargetDependency */,
				480544FA27244DAC0046F225 /* PBXTargetDependency */,
				4805453E272459990046F225 /* PBXTargetDependency */,
			);
			name = Frek;
			packageProductDependencies = (
				A2107042291DAA040055F6AA /* AlertToast */,
			);
			productName = Frek;
			productReference = 48435FB62516DED200FFED01 /* Frek.app */;
			productType = "com.apple.product-type.application";
		};
		48952D412724437600A548CD /* FrekWidgetExtension */ = {
			isa = PBXNativeTarget;
			buildConfigurationList = 48952D542724437B00A548CD /* Build configuration list for PBXNativeTarget "FrekWidgetExtension" */;
			buildPhases = (
				48952D3E2724437600A548CD /* Sources */,
				48952D3F2724437600A548CD /* Frameworks */,
				48952D402724437600A548CD /* Resources */,
			);
			buildRules = (
			);
			dependencies = (
			);
			name = FrekWidgetExtension;
			packageProductDependencies = (
			);
			productName = FrekWidgetExtension;
			productReference = 48952D422724437600A548CD /* FrekWidgetExtension.appex */;
			productType = "com.apple.product-type.app-extension";
		};
		A2675AFF28527E4E00AA1BE0 /* FrekWidgetExtension WatchKit */ = {
			isa = PBXNativeTarget;
			buildConfigurationList = A2675B1D28527E4E00AA1BE0 /* Build configuration list for PBXNativeTarget "FrekWidgetExtension WatchKit" */;
			buildPhases = (
				A2675B0228527E4E00AA1BE0 /* Sources */,
				A2675B1428527E4E00AA1BE0 /* Frameworks */,
				A2675B1828527E4E00AA1BE0 /* Resources */,
			);
			buildRules = (
			);
			dependencies = (
			);
			name = "FrekWidgetExtension WatchKit";
			packageProductDependencies = (
			);
			productName = FrekWidgetExtension;
			productReference = A2675B2028527E4E00AA1BE0 /* FrekWidgetExtension WatchKit.appex */;
			productType = "com.apple.product-type.app-extension";
		};
/* End PBXNativeTarget section */

/* Begin PBXProject section */
		48435FAE2516DED200FFED01 /* Project object */ = {
			isa = PBXProject;
			attributes = {
				LastSwiftUpdateCheck = 1300;
				LastUpgradeCheck = 1200;
				TargetAttributes = {
					48054536272459990046F225 = {
						CreatedOnToolsVersion = 13.0;
					};
					483055DD272398AB00B9891F = {
						CreatedOnToolsVersion = 13.0;
					};
					483055E5272398AF00B9891F = {
						CreatedOnToolsVersion = 13.0;
					};
					48435FB52516DED200FFED01 = {
						CreatedOnToolsVersion = 12.0;
					};
					48952D412724437600A548CD = {
						CreatedOnToolsVersion = 13.0;
					};
				};
			};
			buildConfigurationList = 48435FB12516DED200FFED01 /* Build configuration list for PBXProject "Frek" */;
			compatibilityVersion = "Xcode 9.3";
			developmentRegion = en;
			hasScannedForEncodings = 0;
			knownRegions = (
				en,
				Base,
				fr,
			);
			mainGroup = 48435FAD2516DED200FFED01;
			packageReferences = (
				A2107041291DAA040055F6AA /* XCRemoteSwiftPackageReference "AlertToast" */,
			);
			productRefGroup = 48435FB72516DED200FFED01 /* Products */;
			projectDirPath = "";
			projectRoot = "";
			targets = (
				48435FB52516DED200FFED01 /* Frek */,
				483055DD272398AB00B9891F /* FrekWatch */,
				483055E5272398AF00B9891F /* FrekWatch WatchKit Extension */,
				48952D412724437600A548CD /* FrekWidgetExtension */,
				48054536272459990046F225 /* FrekIntent */,
				A2675AFF28527E4E00AA1BE0 /* FrekWidgetExtension WatchKit */,
			);
		};
/* End PBXProject section */

/* Begin PBXResourcesBuildPhase section */
		48054535272459990046F225 /* Resources */ = {
			isa = PBXResourcesBuildPhase;
			buildActionMask = 2147483647;
			files = (
				A2CDB2F22800D9EA0036AE8E /* db.json in Resources */,
				48AF63FF2729EBA3009A77C9 /* Assets.xcassets in Resources */,
				4805454827246D760046F225 /* FrekPlaceAssets.xcassets in Resources */,
			);
			runOnlyForDeploymentPostprocessing = 0;
		};
		483055DC272398AB00B9891F /* Resources */ = {
			isa = PBXResourcesBuildPhase;
			buildActionMask = 2147483647;
			files = (
				A2CDB2EF2800D9EA0036AE8E /* db.json in Resources */,
				48AF64012729EBAA009A77C9 /* FrekPlaceAssets.xcassets in Resources */,
				48AF64002729EBA5009A77C9 /* Assets.xcassets in Resources */,
			);
			runOnlyForDeploymentPostprocessing = 0;
		};
		483055E4272398AF00B9891F /* Resources */ = {
			isa = PBXResourcesBuildPhase;
			buildActionMask = 2147483647;
			files = (
				48952D3D2724422000A548CD /* FrekPlaceAssets.xcassets in Resources */,
				A2CDB2F02800D9EA0036AE8E /* db.json in Resources */,
				483055F9272398B200B9891F /* Preview Assets.xcassets in Resources */,
				48AF63FD2729EBA1009A77C9 /* Assets.xcassets in Resources */,
			);
			runOnlyForDeploymentPostprocessing = 0;
		};
		48435FB42516DED200FFED01 /* Resources */ = {
			isa = PBXResourcesBuildPhase;
			buildActionMask = 2147483647;
			files = (
				482E2F31265E526400C60730 /* FrekPlaceAssets.xcassets in Resources */,
				A2CDB2EE2800D9EA0036AE8E /* db.json in Resources */,
				48435FBE2516DED500FFED01 /* Assets.xcassets in Resources */,
			);
			runOnlyForDeploymentPostprocessing = 0;
		};
		48952D402724437600A548CD /* Resources */ = {
			isa = PBXResourcesBuildPhase;
			buildActionMask = 2147483647;
			files = (
				48952D5A272445C600A548CD /* FrekPlaceAssets.xcassets in Resources */,
				A2CDB2F12800D9EA0036AE8E /* db.json in Resources */,
				48AF63FE2729EBA3009A77C9 /* Assets.xcassets in Resources */,
				48952D4C2724437B00A548CD /* Assets.xcassets in Resources */,
			);
			runOnlyForDeploymentPostprocessing = 0;
		};
		A2675B1828527E4E00AA1BE0 /* Resources */ = {
			isa = PBXResourcesBuildPhase;
			buildActionMask = 2147483647;
			files = (
				A2675B1928527E4E00AA1BE0 /* FrekPlaceAssets.xcassets in Resources */,
				A2675B1A28527E4E00AA1BE0 /* db.json in Resources */,
				A2675B1B28527E4E00AA1BE0 /* Assets.xcassets in Resources */,
				A2675B1C28527E4E00AA1BE0 /* Assets.xcassets in Resources */,
			);
			runOnlyForDeploymentPostprocessing = 0;
		};
/* End PBXResourcesBuildPhase section */

/* Begin PBXSourcesBuildPhase section */
		48054533272459990046F225 /* Sources */ = {
			isa = PBXSourcesBuildPhase;
			buildActionMask = 2147483647;
			files = (
				4805454F27247B990046F225 /* extensions.swift in Sources */,
				4805455127247BA40046F225 /* FrekFormatter.swift in Sources */,
				A2CDB3052800FED70036AE8E /* DeviceMeta.swift in Sources */,
				4805454B272478D00046F225 /* FrekPlaceListViewModel.swift in Sources */,
				4805454727246D690046F225 /* FrekChart.swift in Sources */,
				4805454927246D990046F225 /* ValueStore.swift in Sources */,
				4805454627246D660046F225 /* FrekPlace.swift in Sources */,
				A2CDB3022800EB6A0036AE8E /* LocalStore.swift in Sources */,
				48054545272459C00046F225 /* Intents.intentdefinition in Sources */,
				A2CDB2FD2800E1FA0036AE8E /* WebFetcher.swift in Sources */,
				4805454D27247B8E0046F225 /* FrekDecoder.swift in Sources */,
				48054544272459B70046F225 /* IntentHandler.swift in Sources */,
			);
			runOnlyForDeploymentPostprocessing = 0;
		};
		483055E2272398AF00B9891F /* Sources */ = {
			isa = PBXSourcesBuildPhase;
			buildActionMask = 2147483647;
			files = (
				480544F727244D910046F225 /* Intents.intentdefinition in Sources */,
				48E24CE227239939003CDCB8 /* FrekDecoder.swift in Sources */,
				A2CDB3032800FEC90036AE8E /* DeviceMeta.swift in Sources */,
				A21EE33628E1011900220E2D /* LargeChart.swift in Sources */,
				48E24CE027239939003CDCB8 /* FrekPlaceListViewModel.swift in Sources */,
				48E24CED27239939003CDCB8 /* FrekPlace.swift in Sources */,
				480545312724547B0046F225 /* IntentHandler.swift in Sources */,
				48E24CE527239939003CDCB8 /* FrekThumbnail.swift in Sources */,
				48E24CEF27239939003CDCB8 /* FrekPlaceList.swift in Sources */,
				483055F0272398AF00B9891F /* NotificationController.swift in Sources */,
				48E24CE827239939003CDCB8 /* FrekChartRow.swift in Sources */,
				48E24CE427239939003CDCB8 /* MapView.swift in Sources */,
				48E24CE127239939003CDCB8 /* FrekFormatter.swift in Sources */,
				48E24CF027239939003CDCB8 /* ToggleFavoriteButton.swift in Sources */,
				48E24CE727239939003CDCB8 /* FrekPlaceDetail.swift in Sources */,
				48E24CE327239939003CDCB8 /* FrekChartViewModel.swift in Sources */,
				48E24CEB27239939003CDCB8 /* ValueStore.swift in Sources */,
				48E24CDF27239939003CDCB8 /* FrekPlaceRow.swift in Sources */,
				A2CDB3002800EB6A0036AE8E /* LocalStore.swift in Sources */,
				A2CDB2FB2800E1FA0036AE8E /* WebFetcher.swift in Sources */,
				A21EE33C28E1044800220E2D /* SmallChart.swift in Sources */,
				483055F4272398AF00B9891F /* ComplicationController.swift in Sources */,
				48E24CF327239ACE003CDCB8 /* FrekChart.swift in Sources */,
				483055EC272398AF00B9891F /* FrekWatchApp.swift in Sources */,
				483055F2272398AF00B9891F /* NotificationView.swift in Sources */,
				48E24CEC27239939003CDCB8 /* extensions.swift in Sources */,
			);
			runOnlyForDeploymentPostprocessing = 0;
		};
		48435FB22516DED200FFED01 /* Sources */ = {
			isa = PBXSourcesBuildPhase;
			buildActionMask = 2147483647;
			files = (
				A21EE33528E1011900220E2D /* LargeChart.swift in Sources */,
				48952D4F2724437B00A548CD /* Intents.intentdefinition in Sources */,
				48C6FFE2251A42370051B4B3 /* ValueStore.swift in Sources */,
				48C925CC2666382400770D22 /* extensions.swift in Sources */,
				480545302724547B0046F225 /* IntentHandler.swift in Sources */,
				A21EE33B28E1044800220E2D /* SmallChart.swift in Sources */,
				48D1244926226527007E1805 /* FrekPlaceDetail.swift in Sources */,
				48C925CF266779D700770D22 /* FrekChartRow.swift in Sources */,
				485258EC2663E0E600E68193 /* FrekChart.swift in Sources */,
				4884D25E2517D97B0074CA5F /* FrekPlaceRow.swift in Sources */,
				48C925D82667D04100770D22 /* FrekFormatter.swift in Sources */,
				48548A25265EFF5300272ADB /* MapView.swift in Sources */,
				48C925DB2667D04E00770D22 /* FrekDecoder.swift in Sources */,
				48C925D22667B7EA00770D22 /* FrekPlaceListViewModel.swift in Sources */,
				482A399F2522126900A2028A /* FrekThumbnail.swift in Sources */,
				48435FBA2516DED200FFED01 /* MainView.swift in Sources */,
				48C8A4D8251A5C4800C29AAD /* ToggleFavoriteButton.swift in Sources */,
				48435FED2516E18F00FFED01 /* FrekPlace.swift in Sources */,
				A2CDB2FF2800EB6A0036AE8E /* LocalStore.swift in Sources */,
				A2CDB2FA2800E1FA0036AE8E /* WebFetcher.swift in Sources */,
				48C925E4266801B600770D22 /* FrekChartViewModel.swift in Sources */,
				48C6FEF1251A02BC0051B4B3 /* DeviceMeta.swift in Sources */,
				482E2F34265E6E9B00C60730 /* FrekPlaceList.swift in Sources */,
			);
			runOnlyForDeploymentPostprocessing = 0;
		};
		48952D3E2724437600A548CD /* Sources */ = {
			isa = PBXSourcesBuildPhase;
			buildActionMask = 2147483647;
			files = (
				4805454C27247B8D0046F225 /* FrekDecoder.swift in Sources */,
				48AF63F42729AC83009A77C9 /* SimpleFrekPlaceWidget.swift in Sources */,
				480544F12724485B0046F225 /* FrekThumbnail.swift in Sources */,
				A2CDB3012800EB6A0036AE8E /* LocalStore.swift in Sources */,
				A21EE33E28E10B0700220E2D /* LargeChart.swift in Sources */,
				480544F227244A9F0046F225 /* ValueStore.swift in Sources */,
				4805455027247BA30046F225 /* FrekFormatter.swift in Sources */,
				48AF63FB2729B1F7009A77C9 /* FrekChartViewModel.swift in Sources */,
				48952D59272444E200A548CD /* FrekChart.swift in Sources */,
				48952D58272444DE00A548CD /* FrekPlace.swift in Sources */,
				4805454A272478CF0046F225 /* FrekPlaceListViewModel.swift in Sources */,
				4805454E27247B980046F225 /* extensions.swift in Sources */,
				A2CDB2FC2800E1FA0036AE8E /* WebFetcher.swift in Sources */,
				480545322724547B0046F225 /* IntentHandler.swift in Sources */,
				48AF63F62729ACCF009A77C9 /* FavoriteFrekPlaceWidget.swift in Sources */,
				48952D4E2724437B00A548CD /* Intents.intentdefinition in Sources */,
				48952D492724437600A548CD /* FrekWidget.swift in Sources */,
				A2CDB3042800FED60036AE8E /* DeviceMeta.swift in Sources */,
			);
			runOnlyForDeploymentPostprocessing = 0;
		};
		A2675B0228527E4E00AA1BE0 /* Sources */ = {
			isa = PBXSourcesBuildPhase;
			buildActionMask = 2147483647;
			files = (
				A2675B0328527E4E00AA1BE0 /* FrekDecoder.swift in Sources */,
				A2675B0428527E4E00AA1BE0 /* SimpleFrekPlaceWidget.swift in Sources */,
				A2675B0528527E4E00AA1BE0 /* FrekThumbnail.swift in Sources */,
				A2675B0628527E4E00AA1BE0 /* LocalStore.swift in Sources */,
				A21EE33D28E10AE700220E2D /* LargeChart.swift in Sources */,
				A2675B0728527E4E00AA1BE0 /* ValueStore.swift in Sources */,
				A2675B0828527E4E00AA1BE0 /* FrekFormatter.swift in Sources */,
				A2675B0928527E4E00AA1BE0 /* FrekChartViewModel.swift in Sources */,
				A2675B0A28527E4E00AA1BE0 /* FrekChart.swift in Sources */,
				A2675B0B28527E4E00AA1BE0 /* FrekPlace.swift in Sources */,
				A2675B0C28527E4E00AA1BE0 /* FrekPlaceListViewModel.swift in Sources */,
				A2675B0D28527E4E00AA1BE0 /* extensions.swift in Sources */,
				A21E79692852895D003E28F9 /* ComplicationController.swift in Sources */,
				A2675B0E28527E4E00AA1BE0 /* WebFetcher.swift in Sources */,
				A2675B0F28527E4E00AA1BE0 /* IntentHandler.swift in Sources */,
				A2675B1128527E4E00AA1BE0 /* Intents.intentdefinition in Sources */,
				A2675B1228527E4E00AA1BE0 /* FrekWidget.swift in Sources */,
				A2675B1328527E4E00AA1BE0 /* DeviceMeta.swift in Sources */,
			);
			runOnlyForDeploymentPostprocessing = 0;
		};
/* End PBXSourcesBuildPhase section */

/* Begin PBXTargetDependency section */
		480544FA27244DAC0046F225 /* PBXTargetDependency */ = {
			isa = PBXTargetDependency;
			target = 48952D412724437600A548CD /* FrekWidgetExtension */;
			targetProxy = 480544F927244DAC0046F225 /* PBXContainerItemProxy */;
		};
		4805453E272459990046F225 /* PBXTargetDependency */ = {
			isa = PBXTargetDependency;
			target = 48054536272459990046F225 /* FrekIntent */;
			targetProxy = 4805453D272459990046F225 /* PBXContainerItemProxy */;
		};
		483055E9272398AF00B9891F /* PBXTargetDependency */ = {
			isa = PBXTargetDependency;
			target = 483055E5272398AF00B9891F /* FrekWatch WatchKit Extension */;
			targetProxy = 483055E8272398AF00B9891F /* PBXContainerItemProxy */;
		};
		48952D3C2724394700A548CD /* PBXTargetDependency */ = {
			isa = PBXTargetDependency;
			target = 483055DD272398AB00B9891F /* FrekWatch */;
			targetProxy = 48952D3B2724394700A548CD /* PBXContainerItemProxy */;
		};
		A21E796728527FD1003E28F9 /* PBXTargetDependency */ = {
			isa = PBXTargetDependency;
			target = A2675AFF28527E4E00AA1BE0 /* FrekWidgetExtension WatchKit */;
			targetProxy = A21E796628527FD1003E28F9 /* PBXContainerItemProxy */;
		};
/* End PBXTargetDependency section */

/* Begin XCBuildConfiguration section */
		480545422724599A0046F225 /* Debug */ = {
			isa = XCBuildConfiguration;
			buildSettings = {
				CLANG_CXX_LANGUAGE_STANDARD = "gnu++17";
				CODE_SIGN_ENTITLEMENTS = FrekIntent/FrekIntent.entitlements;
				CODE_SIGN_STYLE = Automatic;
				CURRENT_PROJECT_VERSION = 10;
				DEVELOPMENT_TEAM = UA664XCLRX;
				GENERATE_INFOPLIST_FILE = YES;
				INFOPLIST_FILE = FrekIntent/Info.plist;
				INFOPLIST_KEY_CFBundleDisplayName = FrekIntent;
				INFOPLIST_KEY_NSHumanReadableCopyright = "";
				IPHONEOS_DEPLOYMENT_TARGET = 16.0;
				LD_RUNPATH_SEARCH_PATHS = (
					"$(inherited)",
					"@executable_path/Frameworks",
					"@executable_path/../../Frameworks",
				);
				MARKETING_VERSION = 2.5;
				PRODUCT_BUNDLE_IDENTIFIER = fr.fedutia.frekapp.intent;
				PRODUCT_NAME = "$(TARGET_NAME)";
				SKIP_INSTALL = YES;
				SUPPORTS_MACCATALYST = YES;
				SWIFT_EMIT_LOC_STRINGS = YES;
				SWIFT_VERSION = 5.0;
				TARGETED_DEVICE_FAMILY = "1,2";
			};
			name = Debug;
		};
		480545432724599A0046F225 /* Release */ = {
			isa = XCBuildConfiguration;
			buildSettings = {
				CLANG_CXX_LANGUAGE_STANDARD = "gnu++17";
				CODE_SIGN_ENTITLEMENTS = FrekIntent/FrekIntent.entitlements;
				CODE_SIGN_STYLE = Automatic;
				CURRENT_PROJECT_VERSION = 10;
				DEVELOPMENT_TEAM = UA664XCLRX;
				GENERATE_INFOPLIST_FILE = YES;
				INFOPLIST_FILE = FrekIntent/Info.plist;
				INFOPLIST_KEY_CFBundleDisplayName = FrekIntent;
				INFOPLIST_KEY_NSHumanReadableCopyright = "";
				IPHONEOS_DEPLOYMENT_TARGET = 16.0;
				LD_RUNPATH_SEARCH_PATHS = (
					"$(inherited)",
					"@executable_path/Frameworks",
					"@executable_path/../../Frameworks",
				);
				MARKETING_VERSION = 2.5;
				PRODUCT_BUNDLE_IDENTIFIER = fr.fedutia.frekapp.intent;
				PRODUCT_NAME = "$(TARGET_NAME)";
				SKIP_INSTALL = YES;
				SUPPORTS_MACCATALYST = YES;
				SWIFT_EMIT_LOC_STRINGS = YES;
				SWIFT_VERSION = 5.0;
				TARGETED_DEVICE_FAMILY = "1,2";
			};
			name = Release;
		};
		48305600272398B200B9891F /* Debug */ = {
			isa = XCBuildConfiguration;
			buildSettings = {
				ASSETCATALOG_COMPILER_COMPLICATION_NAME = Complication;
				CLANG_CXX_LANGUAGE_STANDARD = "gnu++17";
				CODE_SIGN_ENTITLEMENTS = "FrekWatch WatchKit Extension/FrekWatch WatchKit Extension.entitlements";
				CODE_SIGN_IDENTITY = "Apple Development";
				CODE_SIGN_STYLE = Automatic;
				CURRENT_PROJECT_VERSION = 10;
				DEVELOPMENT_ASSET_PATHS = "\"FrekWatch WatchKit Extension/Preview Content\"";
				DEVELOPMENT_TEAM = UA664XCLRX;
				ENABLE_PREVIEWS = YES;
				GENERATE_INFOPLIST_FILE = YES;
				INFOPLIST_FILE = "FrekWatch WatchKit Extension/Info.plist";
				INFOPLIST_KEY_CFBundleDisplayName = "FrekWatch WatchKit Extension";
				INFOPLIST_KEY_CLKComplicationPrincipalClass = ComplicationController;
				INFOPLIST_KEY_NSHumanReadableCopyright = "";
				INFOPLIST_KEY_WKRunsIndependentlyOfCompanionApp = NO;
				LD_RUNPATH_SEARCH_PATHS = (
					"$(inherited)",
					"@executable_path/Frameworks",
					"@executable_path/../../Frameworks",
				);
				MARKETING_VERSION = 2.5;
				PRODUCT_BUNDLE_IDENTIFIER = fr.fedutia.frekapp.watchkitapp.watchkitextension;
				PRODUCT_NAME = "${TARGET_NAME}";
				PROVISIONING_PROFILE_SPECIFIER = "";
				SDKROOT = watchos;
				SKIP_INSTALL = YES;
				SWIFT_EMIT_LOC_STRINGS = YES;
				SWIFT_VERSION = 5.0;
				TARGETED_DEVICE_FAMILY = 4;
				WATCHOS_DEPLOYMENT_TARGET = 9.0;
			};
			name = Debug;
		};
		48305601272398B200B9891F /* Release */ = {
			isa = XCBuildConfiguration;
			buildSettings = {
				ASSETCATALOG_COMPILER_COMPLICATION_NAME = Complication;
				CLANG_CXX_LANGUAGE_STANDARD = "gnu++17";
				CODE_SIGN_ENTITLEMENTS = "FrekWatch WatchKit Extension/FrekWatch WatchKit Extension.entitlements";
				CODE_SIGN_IDENTITY = "Apple Development";
				CODE_SIGN_STYLE = Automatic;
				CURRENT_PROJECT_VERSION = 10;
				DEVELOPMENT_ASSET_PATHS = "\"FrekWatch WatchKit Extension/Preview Content\"";
				DEVELOPMENT_TEAM = UA664XCLRX;
				ENABLE_PREVIEWS = YES;
				GENERATE_INFOPLIST_FILE = YES;
				INFOPLIST_FILE = "FrekWatch WatchKit Extension/Info.plist";
				INFOPLIST_KEY_CFBundleDisplayName = "FrekWatch WatchKit Extension";
				INFOPLIST_KEY_CLKComplicationPrincipalClass = ComplicationController;
				INFOPLIST_KEY_NSHumanReadableCopyright = "";
				INFOPLIST_KEY_WKRunsIndependentlyOfCompanionApp = NO;
				LD_RUNPATH_SEARCH_PATHS = (
					"$(inherited)",
					"@executable_path/Frameworks",
					"@executable_path/../../Frameworks",
				);
				MARKETING_VERSION = 2.5;
				PRODUCT_BUNDLE_IDENTIFIER = fr.fedutia.frekapp.watchkitapp.watchkitextension;
				PRODUCT_NAME = "${TARGET_NAME}";
				PROVISIONING_PROFILE_SPECIFIER = "";
				SDKROOT = watchos;
				SKIP_INSTALL = YES;
				SWIFT_EMIT_LOC_STRINGS = YES;
				SWIFT_VERSION = 5.0;
				TARGETED_DEVICE_FAMILY = 4;
				WATCHOS_DEPLOYMENT_TARGET = 9.0;
			};
			name = Release;
		};
		48305604272398B200B9891F /* Debug */ = {
			isa = XCBuildConfiguration;
			buildSettings = {
				ALWAYS_EMBED_SWIFT_STANDARD_LIBRARIES = YES;
				ASSETCATALOG_COMPILER_APPICON_NAME = AppIcon;
				ASSETCATALOG_COMPILER_GLOBAL_ACCENT_COLOR_NAME = AccentColor;
				CLANG_CXX_LANGUAGE_STANDARD = "gnu++17";
				CODE_SIGN_ENTITLEMENTS = FrekWatch/FrekWatch.entitlements;
				CODE_SIGN_STYLE = Automatic;
				CURRENT_PROJECT_VERSION = 10;
				DEVELOPMENT_TEAM = UA664XCLRX;
				GENERATE_INFOPLIST_FILE = YES;
				IBSC_MODULE = FrekWatch_WatchKit_Extension;
				INFOPLIST_KEY_CFBundleDisplayName = FrekWatch;
				INFOPLIST_KEY_UISupportedInterfaceOrientations = "UIInterfaceOrientationPortrait UIInterfaceOrientationPortraitUpsideDown";
				INFOPLIST_KEY_WKCompanionAppBundleIdentifier = fr.fedutia.frekapp;
				MARKETING_VERSION = 2.5;
				PRODUCT_BUNDLE_IDENTIFIER = fr.fedutia.frekapp.watchkitapp;
				PRODUCT_NAME = "$(TARGET_NAME)";
				SDKROOT = watchos;
				SKIP_INSTALL = YES;
				SWIFT_EMIT_LOC_STRINGS = YES;
				SWIFT_VERSION = 5.0;
				TARGETED_DEVICE_FAMILY = 4;
				WATCHOS_DEPLOYMENT_TARGET = 9.0;
			};
			name = Debug;
		};
		48305605272398B200B9891F /* Release */ = {
			isa = XCBuildConfiguration;
			buildSettings = {
				ALWAYS_EMBED_SWIFT_STANDARD_LIBRARIES = YES;
				ASSETCATALOG_COMPILER_APPICON_NAME = AppIcon;
				ASSETCATALOG_COMPILER_GLOBAL_ACCENT_COLOR_NAME = AccentColor;
				CLANG_CXX_LANGUAGE_STANDARD = "gnu++17";
				CODE_SIGN_ENTITLEMENTS = FrekWatch/FrekWatch.entitlements;
				CODE_SIGN_STYLE = Automatic;
				CURRENT_PROJECT_VERSION = 10;
				DEVELOPMENT_TEAM = UA664XCLRX;
				GENERATE_INFOPLIST_FILE = YES;
				IBSC_MODULE = FrekWatch_WatchKit_Extension;
				INFOPLIST_KEY_CFBundleDisplayName = FrekWatch;
				INFOPLIST_KEY_UISupportedInterfaceOrientations = "UIInterfaceOrientationPortrait UIInterfaceOrientationPortraitUpsideDown";
				INFOPLIST_KEY_WKCompanionAppBundleIdentifier = fr.fedutia.frekapp;
				MARKETING_VERSION = 2.5;
				PRODUCT_BUNDLE_IDENTIFIER = fr.fedutia.frekapp.watchkitapp;
				PRODUCT_NAME = "$(TARGET_NAME)";
				SDKROOT = watchos;
				SKIP_INSTALL = YES;
				SWIFT_EMIT_LOC_STRINGS = YES;
				SWIFT_VERSION = 5.0;
				TARGETED_DEVICE_FAMILY = 4;
				WATCHOS_DEPLOYMENT_TARGET = 9.0;
			};
			name = Release;
		};
		48435FD92516DED500FFED01 /* Debug */ = {
			isa = XCBuildConfiguration;
			buildSettings = {
				ALWAYS_SEARCH_USER_PATHS = NO;
				CLANG_ANALYZER_LOCALIZABILITY_NONLOCALIZED = YES;
				CLANG_ANALYZER_NONNULL = YES;
				CLANG_ANALYZER_NUMBER_OBJECT_CONVERSION = YES_AGGRESSIVE;
				CLANG_CXX_LANGUAGE_STANDARD = "gnu++14";
				CLANG_CXX_LIBRARY = "libc++";
				CLANG_ENABLE_MODULES = YES;
				CLANG_ENABLE_OBJC_ARC = YES;
				CLANG_ENABLE_OBJC_WEAK = YES;
				CLANG_WARN_BLOCK_CAPTURE_AUTORELEASING = YES;
				CLANG_WARN_BOOL_CONVERSION = YES;
				CLANG_WARN_COMMA = YES;
				CLANG_WARN_CONSTANT_CONVERSION = YES;
				CLANG_WARN_DEPRECATED_OBJC_IMPLEMENTATIONS = YES;
				CLANG_WARN_DIRECT_OBJC_ISA_USAGE = YES_ERROR;
				CLANG_WARN_DOCUMENTATION_COMMENTS = YES;
				CLANG_WARN_EMPTY_BODY = YES;
				CLANG_WARN_ENUM_CONVERSION = YES;
				CLANG_WARN_INFINITE_RECURSION = YES;
				CLANG_WARN_INT_CONVERSION = YES;
				CLANG_WARN_NON_LITERAL_NULL_CONVERSION = YES;
				CLANG_WARN_OBJC_IMPLICIT_RETAIN_SELF = YES;
				CLANG_WARN_OBJC_LITERAL_CONVERSION = YES;
				CLANG_WARN_OBJC_ROOT_CLASS = YES_ERROR;
				CLANG_WARN_QUOTED_INCLUDE_IN_FRAMEWORK_HEADER = YES;
				CLANG_WARN_RANGE_LOOP_ANALYSIS = YES;
				CLANG_WARN_STRICT_PROTOTYPES = YES;
				CLANG_WARN_SUSPICIOUS_MOVE = YES;
				CLANG_WARN_UNGUARDED_AVAILABILITY = YES_AGGRESSIVE;
				CLANG_WARN_UNREACHABLE_CODE = YES;
				CLANG_WARN__DUPLICATE_METHOD_MATCH = YES;
				COPY_PHASE_STRIP = NO;
				DEBUG_INFORMATION_FORMAT = dwarf;
				ENABLE_STRICT_OBJC_MSGSEND = YES;
				ENABLE_TESTABILITY = YES;
				GCC_C_LANGUAGE_STANDARD = gnu11;
				GCC_DYNAMIC_NO_PIC = NO;
				GCC_NO_COMMON_BLOCKS = YES;
				GCC_OPTIMIZATION_LEVEL = 0;
				GCC_PREPROCESSOR_DEFINITIONS = (
					"DEBUG=1",
					"$(inherited)",
				);
				GCC_WARN_64_TO_32_BIT_CONVERSION = YES;
				GCC_WARN_ABOUT_RETURN_TYPE = YES_ERROR;
				GCC_WARN_UNDECLARED_SELECTOR = YES;
				GCC_WARN_UNINITIALIZED_AUTOS = YES_AGGRESSIVE;
				GCC_WARN_UNUSED_FUNCTION = YES;
				GCC_WARN_UNUSED_VARIABLE = YES;
				IPHONEOS_DEPLOYMENT_TARGET = 16.0;
				MTL_ENABLE_DEBUG_INFO = INCLUDE_SOURCE;
				MTL_FAST_MATH = YES;
				ONLY_ACTIVE_ARCH = YES;
				SDKROOT = iphoneos;
				SWIFT_ACTIVE_COMPILATION_CONDITIONS = DEBUG;
				SWIFT_OPTIMIZATION_LEVEL = "-Onone";
				WATCHOS_DEPLOYMENT_TARGET = 9.0;
			};
			name = Debug;
		};
		48435FDA2516DED500FFED01 /* Release */ = {
			isa = XCBuildConfiguration;
			buildSettings = {
				ALWAYS_SEARCH_USER_PATHS = NO;
				CLANG_ANALYZER_LOCALIZABILITY_NONLOCALIZED = YES;
				CLANG_ANALYZER_NONNULL = YES;
				CLANG_ANALYZER_NUMBER_OBJECT_CONVERSION = YES_AGGRESSIVE;
				CLANG_CXX_LANGUAGE_STANDARD = "gnu++14";
				CLANG_CXX_LIBRARY = "libc++";
				CLANG_ENABLE_MODULES = YES;
				CLANG_ENABLE_OBJC_ARC = YES;
				CLANG_ENABLE_OBJC_WEAK = YES;
				CLANG_WARN_BLOCK_CAPTURE_AUTORELEASING = YES;
				CLANG_WARN_BOOL_CONVERSION = YES;
				CLANG_WARN_COMMA = YES;
				CLANG_WARN_CONSTANT_CONVERSION = YES;
				CLANG_WARN_DEPRECATED_OBJC_IMPLEMENTATIONS = YES;
				CLANG_WARN_DIRECT_OBJC_ISA_USAGE = YES_ERROR;
				CLANG_WARN_DOCUMENTATION_COMMENTS = YES;
				CLANG_WARN_EMPTY_BODY = YES;
				CLANG_WARN_ENUM_CONVERSION = YES;
				CLANG_WARN_INFINITE_RECURSION = YES;
				CLANG_WARN_INT_CONVERSION = YES;
				CLANG_WARN_NON_LITERAL_NULL_CONVERSION = YES;
				CLANG_WARN_OBJC_IMPLICIT_RETAIN_SELF = YES;
				CLANG_WARN_OBJC_LITERAL_CONVERSION = YES;
				CLANG_WARN_OBJC_ROOT_CLASS = YES_ERROR;
				CLANG_WARN_QUOTED_INCLUDE_IN_FRAMEWORK_HEADER = YES;
				CLANG_WARN_RANGE_LOOP_ANALYSIS = YES;
				CLANG_WARN_STRICT_PROTOTYPES = YES;
				CLANG_WARN_SUSPICIOUS_MOVE = YES;
				CLANG_WARN_UNGUARDED_AVAILABILITY = YES_AGGRESSIVE;
				CLANG_WARN_UNREACHABLE_CODE = YES;
				CLANG_WARN__DUPLICATE_METHOD_MATCH = YES;
				COPY_PHASE_STRIP = NO;
				DEBUG_INFORMATION_FORMAT = "dwarf-with-dsym";
				ENABLE_NS_ASSERTIONS = NO;
				ENABLE_STRICT_OBJC_MSGSEND = YES;
				GCC_C_LANGUAGE_STANDARD = gnu11;
				GCC_NO_COMMON_BLOCKS = YES;
				GCC_WARN_64_TO_32_BIT_CONVERSION = YES;
				GCC_WARN_ABOUT_RETURN_TYPE = YES_ERROR;
				GCC_WARN_UNDECLARED_SELECTOR = YES;
				GCC_WARN_UNINITIALIZED_AUTOS = YES_AGGRESSIVE;
				GCC_WARN_UNUSED_FUNCTION = YES;
				GCC_WARN_UNUSED_VARIABLE = YES;
				IPHONEOS_DEPLOYMENT_TARGET = 16.0;
				MTL_ENABLE_DEBUG_INFO = NO;
				MTL_FAST_MATH = YES;
				SDKROOT = iphoneos;
				SWIFT_COMPILATION_MODE = wholemodule;
				SWIFT_OPTIMIZATION_LEVEL = "-O";
				VALIDATE_PRODUCT = YES;
				WATCHOS_DEPLOYMENT_TARGET = 9.0;
			};
			name = Release;
		};
		48435FDC2516DED500FFED01 /* Debug */ = {
			isa = XCBuildConfiguration;
			buildSettings = {
				ALWAYS_EMBED_SWIFT_STANDARD_LIBRARIES = YES;
				ASSETCATALOG_COMPILER_APPICON_NAME = AppIcon;
				ASSETCATALOG_COMPILER_GLOBAL_ACCENT_COLOR_NAME = AccentColor;
				CODE_SIGN_ENTITLEMENTS = Frek/Frek.entitlements;
				CODE_SIGN_IDENTITY = "Apple Development";
				CODE_SIGN_STYLE = Automatic;
				CURRENT_PROJECT_VERSION = 10;
				DEVELOPMENT_TEAM = UA664XCLRX;
				ENABLE_PREVIEWS = YES;
				INFOPLIST_FILE = Frek/Info.plist;
				IPHONEOS_DEPLOYMENT_TARGET = 17.0;
				LD_RUNPATH_SEARCH_PATHS = (
					"$(inherited)",
					"@executable_path/Frameworks",
				);
				MARKETING_VERSION = 2.5;
				PRODUCT_BUNDLE_IDENTIFIER = fr.fedutia.frekapp;
				PRODUCT_NAME = "$(TARGET_NAME)";
				PROVISIONING_PROFILE_SPECIFIER = "";
				SUPPORTED_PLATFORMS = "iphoneos iphonesimulator";
				SUPPORTS_MACCATALYST = NO;
				SUPPORTS_MAC_DESIGNED_FOR_IPHONE_IPAD = NO;
				SWIFT_VERSION = 5.0;
				TARGETED_DEVICE_FAMILY = "1,2,6";
			};
			name = Debug;
		};
		48435FDD2516DED500FFED01 /* Release */ = {
			isa = XCBuildConfiguration;
			buildSettings = {
				ALWAYS_EMBED_SWIFT_STANDARD_LIBRARIES = YES;
				ASSETCATALOG_COMPILER_APPICON_NAME = AppIcon;
				ASSETCATALOG_COMPILER_GLOBAL_ACCENT_COLOR_NAME = AccentColor;
				CODE_SIGN_ENTITLEMENTS = Frek/Frek.entitlements;
				CODE_SIGN_IDENTITY = "Apple Development";
				CODE_SIGN_STYLE = Automatic;
				CURRENT_PROJECT_VERSION = 10;
				DEVELOPMENT_TEAM = UA664XCLRX;
				ENABLE_PREVIEWS = YES;
				INFOPLIST_FILE = Frek/Info.plist;
				IPHONEOS_DEPLOYMENT_TARGET = 17.0;
				LD_RUNPATH_SEARCH_PATHS = (
					"$(inherited)",
					"@executable_path/Frameworks",
				);
				MARKETING_VERSION = 2.5;
				PRODUCT_BUNDLE_IDENTIFIER = fr.fedutia.frekapp;
				PRODUCT_NAME = "$(TARGET_NAME)";
				PROVISIONING_PROFILE_SPECIFIER = "";
				SUPPORTED_PLATFORMS = "iphoneos iphonesimulator";
				SUPPORTS_MACCATALYST = NO;
				SUPPORTS_MAC_DESIGNED_FOR_IPHONE_IPAD = NO;
				SWIFT_VERSION = 5.0;
				TARGETED_DEVICE_FAMILY = "1,2,6";
			};
			name = Release;
		};
		48952D552724437B00A548CD /* Debug */ = {
			isa = XCBuildConfiguration;
			buildSettings = {
				ASSETCATALOG_COMPILER_GLOBAL_ACCENT_COLOR_NAME = AccentColor;
				ASSETCATALOG_COMPILER_WIDGET_BACKGROUND_COLOR_NAME = WidgetBackground;
				CLANG_CXX_LANGUAGE_STANDARD = "gnu++17";
				CODE_SIGN_ENTITLEMENTS = FrekWidgetExtension.entitlements;
				"CODE_SIGN_IDENTITY[sdk=macosx*]" = "Apple Development";
				CODE_SIGN_STYLE = Automatic;
				CURRENT_PROJECT_VERSION = 10;
				DEVELOPMENT_TEAM = UA664XCLRX;
				GENERATE_INFOPLIST_FILE = YES;
				INFOPLIST_FILE = FrekWidget/Info.plist;
				INFOPLIST_KEY_CFBundleDisplayName = FrekWidget;
				INFOPLIST_KEY_NSHumanReadableCopyright = "";
				IPHONEOS_DEPLOYMENT_TARGET = 16.0;
				LD_RUNPATH_SEARCH_PATHS = (
					"$(inherited)",
					"@executable_path/Frameworks",
					"@executable_path/../../Frameworks",
				);
				MARKETING_VERSION = 2.5;
				PRODUCT_BUNDLE_IDENTIFIER = fr.fedutia.frekapp.widget;
				PRODUCT_NAME = "$(TARGET_NAME)";
				SKIP_INSTALL = YES;
				SUPPORTS_MACCATALYST = YES;
				SWIFT_EMIT_LOC_STRINGS = YES;
				SWIFT_VERSION = 5.0;
				TARGETED_DEVICE_FAMILY = "1,2";
			};
			name = Debug;
		};
		48952D562724437B00A548CD /* Release */ = {
			isa = XCBuildConfiguration;
			buildSettings = {
				ASSETCATALOG_COMPILER_GLOBAL_ACCENT_COLOR_NAME = AccentColor;
				ASSETCATALOG_COMPILER_WIDGET_BACKGROUND_COLOR_NAME = WidgetBackground;
				CLANG_CXX_LANGUAGE_STANDARD = "gnu++17";
				CODE_SIGN_ENTITLEMENTS = FrekWidgetExtension.entitlements;
				"CODE_SIGN_IDENTITY[sdk=macosx*]" = "Apple Development";
				CODE_SIGN_STYLE = Automatic;
				CURRENT_PROJECT_VERSION = 10;
				DEVELOPMENT_TEAM = UA664XCLRX;
				GENERATE_INFOPLIST_FILE = YES;
				INFOPLIST_FILE = FrekWidget/Info.plist;
				INFOPLIST_KEY_CFBundleDisplayName = FrekWidget;
				INFOPLIST_KEY_NSHumanReadableCopyright = "";
				IPHONEOS_DEPLOYMENT_TARGET = 16.0;
				LD_RUNPATH_SEARCH_PATHS = (
					"$(inherited)",
					"@executable_path/Frameworks",
					"@executable_path/../../Frameworks",
				);
				MARKETING_VERSION = 2.5;
				PRODUCT_BUNDLE_IDENTIFIER = fr.fedutia.frekapp.widget;
				PRODUCT_NAME = "$(TARGET_NAME)";
				SKIP_INSTALL = YES;
				SUPPORTS_MACCATALYST = YES;
				SWIFT_EMIT_LOC_STRINGS = YES;
				SWIFT_VERSION = 5.0;
				TARGETED_DEVICE_FAMILY = "1,2";
			};
			name = Release;
		};
		A2675B1E28527E4E00AA1BE0 /* Debug */ = {
			isa = XCBuildConfiguration;
			buildSettings = {
				ASSETCATALOG_COMPILER_GLOBAL_ACCENT_COLOR_NAME = AccentColor;
				ASSETCATALOG_COMPILER_WIDGET_BACKGROUND_COLOR_NAME = WidgetBackground;
				CLANG_CXX_LANGUAGE_STANDARD = "gnu++17";
				CODE_SIGN_ENTITLEMENTS = FrekWidgetExtension.entitlements;
				"CODE_SIGN_IDENTITY[sdk=macosx*]" = "Apple Development";
				CODE_SIGN_STYLE = Automatic;
				CURRENT_PROJECT_VERSION = 10;
				DEVELOPMENT_TEAM = UA664XCLRX;
				GENERATE_INFOPLIST_FILE = YES;
				INFOPLIST_FILE = "FrekWidgetExtension-Info.plist";
				INFOPLIST_KEY_CFBundleDisplayName = FrekWidget;
				INFOPLIST_KEY_NSHumanReadableCopyright = "";
				IPHONEOS_DEPLOYMENT_TARGET = 15.0;
				LD_RUNPATH_SEARCH_PATHS = (
					"$(inherited)",
					"@executable_path/Frameworks",
					"@executable_path/../../Frameworks",
				);
				MARKETING_VERSION = 2.5;
				PRODUCT_BUNDLE_IDENTIFIER = fr.fedutia.frekapp.watchkitapp.watchkitextension.widget;
				PRODUCT_NAME = "$(TARGET_NAME)";
				SDKROOT = watchos;
				SKIP_INSTALL = YES;
				SUPPORTS_MACCATALYST = YES;
				SWIFT_EMIT_LOC_STRINGS = YES;
				SWIFT_VERSION = 5.0;
				TARGETED_DEVICE_FAMILY = "1,2";
				WATCHOS_DEPLOYMENT_TARGET = 9.0;
			};
			name = Debug;
		};
		A2675B1F28527E4E00AA1BE0 /* Release */ = {
			isa = XCBuildConfiguration;
			buildSettings = {
				ASSETCATALOG_COMPILER_GLOBAL_ACCENT_COLOR_NAME = AccentColor;
				ASSETCATALOG_COMPILER_WIDGET_BACKGROUND_COLOR_NAME = WidgetBackground;
				CLANG_CXX_LANGUAGE_STANDARD = "gnu++17";
				CODE_SIGN_ENTITLEMENTS = FrekWidgetExtension.entitlements;
				"CODE_SIGN_IDENTITY[sdk=macosx*]" = "Apple Development";
				CODE_SIGN_STYLE = Automatic;
				CURRENT_PROJECT_VERSION = 10;
				DEVELOPMENT_TEAM = UA664XCLRX;
				GENERATE_INFOPLIST_FILE = YES;
				INFOPLIST_FILE = "FrekWidgetExtension-Info.plist";
				INFOPLIST_KEY_CFBundleDisplayName = FrekWidget;
				INFOPLIST_KEY_NSHumanReadableCopyright = "";
				IPHONEOS_DEPLOYMENT_TARGET = 15.0;
				LD_RUNPATH_SEARCH_PATHS = (
					"$(inherited)",
					"@executable_path/Frameworks",
					"@executable_path/../../Frameworks",
				);
				MARKETING_VERSION = 2.5;
				PRODUCT_BUNDLE_IDENTIFIER = fr.fedutia.frekapp.watchkitapp.watchkitextension.widget;
				PRODUCT_NAME = "$(TARGET_NAME)";
				SDKROOT = watchos;
				SKIP_INSTALL = YES;
				SUPPORTS_MACCATALYST = YES;
				SWIFT_EMIT_LOC_STRINGS = YES;
				SWIFT_VERSION = 5.0;
				TARGETED_DEVICE_FAMILY = "1,2";
				WATCHOS_DEPLOYMENT_TARGET = 9.0;
			};
			name = Release;
		};
/* End XCBuildConfiguration section */

/* Begin XCConfigurationList section */
		480545412724599A0046F225 /* Build configuration list for PBXNativeTarget "FrekIntent" */ = {
			isa = XCConfigurationList;
			buildConfigurations = (
				480545422724599A0046F225 /* Debug */,
				480545432724599A0046F225 /* Release */,
			);
			defaultConfigurationIsVisible = 0;
			defaultConfigurationName = Release;
		};
		483055FF272398B200B9891F /* Build configuration list for PBXNativeTarget "FrekWatch WatchKit Extension" */ = {
			isa = XCConfigurationList;
			buildConfigurations = (
				48305600272398B200B9891F /* Debug */,
				48305601272398B200B9891F /* Release */,
			);
			defaultConfigurationIsVisible = 0;
			defaultConfigurationName = Release;
		};
		48305603272398B200B9891F /* Build configuration list for PBXNativeTarget "FrekWatch" */ = {
			isa = XCConfigurationList;
			buildConfigurations = (
				48305604272398B200B9891F /* Debug */,
				48305605272398B200B9891F /* Release */,
			);
			defaultConfigurationIsVisible = 0;
			defaultConfigurationName = Release;
		};
		48435FB12516DED200FFED01 /* Build configuration list for PBXProject "Frek" */ = {
			isa = XCConfigurationList;
			buildConfigurations = (
				48435FD92516DED500FFED01 /* Debug */,
				48435FDA2516DED500FFED01 /* Release */,
			);
			defaultConfigurationIsVisible = 0;
			defaultConfigurationName = Release;
		};
		48435FDB2516DED500FFED01 /* Build configuration list for PBXNativeTarget "Frek" */ = {
			isa = XCConfigurationList;
			buildConfigurations = (
				48435FDC2516DED500FFED01 /* Debug */,
				48435FDD2516DED500FFED01 /* Release */,
			);
			defaultConfigurationIsVisible = 0;
			defaultConfigurationName = Release;
		};
		48952D542724437B00A548CD /* Build configuration list for PBXNativeTarget "FrekWidgetExtension" */ = {
			isa = XCConfigurationList;
			buildConfigurations = (
				48952D552724437B00A548CD /* Debug */,
				48952D562724437B00A548CD /* Release */,
			);
			defaultConfigurationIsVisible = 0;
			defaultConfigurationName = Release;
		};
		A2675B1D28527E4E00AA1BE0 /* Build configuration list for PBXNativeTarget "FrekWidgetExtension WatchKit" */ = {
			isa = XCConfigurationList;
			buildConfigurations = (
				A2675B1E28527E4E00AA1BE0 /* Debug */,
				A2675B1F28527E4E00AA1BE0 /* Release */,
			);
			defaultConfigurationIsVisible = 0;
			defaultConfigurationName = Release;
		};
/* End XCConfigurationList section */

/* Begin XCRemoteSwiftPackageReference section */
		A2107041291DAA040055F6AA /* XCRemoteSwiftPackageReference "AlertToast" */ = {
			isa = XCRemoteSwiftPackageReference;
			repositoryURL = "https://github.com/elai950/AlertToast.git";
			requirement = {
				kind = upToNextMajorVersion;
				minimumVersion = 1.0.0;
			};
		};
/* End XCRemoteSwiftPackageReference section */

/* Begin XCSwiftPackageProductDependency section */
		A2107042291DAA040055F6AA /* AlertToast */ = {
			isa = XCSwiftPackageProductDependency;
			package = A2107041291DAA040055F6AA /* XCRemoteSwiftPackageReference "AlertToast" */;
			productName = AlertToast;
		};
/* End XCSwiftPackageProductDependency section */
	};
	rootObject = 48435FAE2516DED200FFED01 /* Project object */;
}
