// !$*UTF8*$!
{
	archiveVersion = 1;
	classes = {
	};
	objectVersion = 51;
	objects = {

/* Begin PBXBuildFile section */
		480836DA265A8358009C15D9 /* HTTPHelper.swift in Sources */ = {isa = PBXBuildFile; fileRef = 480836D9265A8358009C15D9 /* HTTPHelper.swift */; };
		480836DB265A8358009C15D9 /* HTTPHelper.swift in Sources */ = {isa = PBXBuildFile; fileRef = 480836D9265A8358009C15D9 /* HTTPHelper.swift */; };
		4817E80B2657B9A200128396 /* GoogleService-Info.plist in Resources */ = {isa = PBXBuildFile; fileRef = 4817E80A2657B9A200128396 /* GoogleService-Info.plist */; };
		4817E80D2657BA9400128396 /* AppDelegate.swift in Sources */ = {isa = PBXBuildFile; fileRef = 4817E80C2657BA9400128396 /* AppDelegate.swift */; };
		482A399F2522126900A2028A /* FrekThumbnail.swift in Sources */ = {isa = PBXBuildFile; fileRef = 482A399E2522126900A2028A /* FrekThumbnail.swift */; };
		482A39A02522126900A2028A /* FrekThumbnail.swift in Sources */ = {isa = PBXBuildFile; fileRef = 482A399E2522126900A2028A /* FrekThumbnail.swift */; };
		482A39B52522185C00A2028A /* FrekApp.swift in Sources */ = {isa = PBXBuildFile; fileRef = 482A39B42522185C00A2028A /* FrekApp.swift */; };
		482A39B62522185C00A2028A /* FrekApp.swift in Sources */ = {isa = PBXBuildFile; fileRef = 482A39B42522185C00A2028A /* FrekApp.swift */; };
		482A39F3252221F600A2028A /* FrekPlaceGrid.swift in Sources */ = {isa = PBXBuildFile; fileRef = 482A39F2252221F600A2028A /* FrekPlaceGrid.swift */; };
		482E2F31265E526400C60730 /* FrekPlaceAssets.xcassets in Resources */ = {isa = PBXBuildFile; fileRef = 482E2F30265E526400C60730 /* FrekPlaceAssets.xcassets */; };
		482E2F32265E526400C60730 /* FrekPlaceAssets.xcassets in Resources */ = {isa = PBXBuildFile; fileRef = 482E2F30265E526400C60730 /* FrekPlaceAssets.xcassets */; };
		482E2F34265E6E9B00C60730 /* FrekPlaceList.swift in Sources */ = {isa = PBXBuildFile; fileRef = 482E2F33265E6E9B00C60730 /* FrekPlaceList.swift */; };
		482E2F35265E6E9B00C60730 /* FrekPlaceList.swift in Sources */ = {isa = PBXBuildFile; fileRef = 482E2F33265E6E9B00C60730 /* FrekPlaceList.swift */; };
		48435FBA2516DED200FFED01 /* MainView.swift in Sources */ = {isa = PBXBuildFile; fileRef = 48435FB92516DED200FFED01 /* MainView.swift */; };
		48435FBE2516DED500FFED01 /* Assets.xcassets in Resources */ = {isa = PBXBuildFile; fileRef = 48435FBD2516DED500FFED01 /* Assets.xcassets */; };
		48435FCC2516DED500FFED01 /* FrekTests.swift in Sources */ = {isa = PBXBuildFile; fileRef = 48435FCB2516DED500FFED01 /* FrekTests.swift */; };
		48435FD72516DED500FFED01 /* FrekUITests.swift in Sources */ = {isa = PBXBuildFile; fileRef = 48435FD62516DED500FFED01 /* FrekUITests.swift */; };
		48435FE82516E0B800FFED01 /* StateFetcher.swift in Sources */ = {isa = PBXBuildFile; fileRef = 48435FE72516E0B800FFED01 /* StateFetcher.swift */; };
		48435FED2516E18F00FFED01 /* FrekPlace.swift in Sources */ = {isa = PBXBuildFile; fileRef = 48435FEC2516E18F00FFED01 /* FrekPlace.swift */; };
		48548A25265EFF5300272ADB /* MapView.swift in Sources */ = {isa = PBXBuildFile; fileRef = 48548A24265EFF5300272ADB /* MapView.swift */; };
		48548A26265EFF5300272ADB /* MapView.swift in Sources */ = {isa = PBXBuildFile; fileRef = 48548A24265EFF5300272ADB /* MapView.swift */; };
		4884D1CD25177B640074CA5F /* FrekWatch WatchKit App.app in Embed Watch Content */ = {isa = PBXBuildFile; fileRef = 4884D1CC25177B640074CA5F /* FrekWatch WatchKit App.app */; settings = {ATTRIBUTES = (RemoveHeadersOnCopy, ); }; };
		4884D1D325177B640074CA5F /* Interface.storyboard in Resources */ = {isa = PBXBuildFile; fileRef = 4884D1D125177B640074CA5F /* Interface.storyboard */; };
		4884D1D525177B680074CA5F /* Assets.xcassets in Resources */ = {isa = PBXBuildFile; fileRef = 4884D1D425177B680074CA5F /* Assets.xcassets */; };
		4884D1DC25177B690074CA5F /* FrekWatch WatchKit Extension.appex in Embed App Extensions */ = {isa = PBXBuildFile; fileRef = 4884D1DB25177B680074CA5F /* FrekWatch WatchKit Extension.appex */; settings = {ATTRIBUTES = (RemoveHeadersOnCopy, ); }; };
		4884D1E125177B690074CA5F /* HostingController.swift in Sources */ = {isa = PBXBuildFile; fileRef = 4884D1E025177B690074CA5F /* HostingController.swift */; };
		4884D1E525177B690074CA5F /* ExtensionDelegate.swift in Sources */ = {isa = PBXBuildFile; fileRef = 4884D1E425177B690074CA5F /* ExtensionDelegate.swift */; };
		4884D1E725177B690074CA5F /* NotificationController.swift in Sources */ = {isa = PBXBuildFile; fileRef = 4884D1E625177B690074CA5F /* NotificationController.swift */; };
		4884D1E925177B690074CA5F /* NotificationView.swift in Sources */ = {isa = PBXBuildFile; fileRef = 4884D1E825177B690074CA5F /* NotificationView.swift */; };
		4884D1EB25177B690074CA5F /* ComplicationController.swift in Sources */ = {isa = PBXBuildFile; fileRef = 4884D1EA25177B690074CA5F /* ComplicationController.swift */; };
		4884D1ED25177B6C0074CA5F /* Assets.xcassets in Resources */ = {isa = PBXBuildFile; fileRef = 4884D1EC25177B6C0074CA5F /* Assets.xcassets */; };
		4884D1F025177B6C0074CA5F /* Preview Assets.xcassets in Resources */ = {isa = PBXBuildFile; fileRef = 4884D1EF25177B6C0074CA5F /* Preview Assets.xcassets */; };
		4884D20425177C310074CA5F /* StateFetcher.swift in Sources */ = {isa = PBXBuildFile; fileRef = 48435FE72516E0B800FFED01 /* StateFetcher.swift */; };
		4884D20C2517C7C20074CA5F /* FrekPlace.swift in Sources */ = {isa = PBXBuildFile; fileRef = 48435FEC2516E18F00FFED01 /* FrekPlace.swift */; };
		4884D25E2517D97B0074CA5F /* FrekPlaceRow.swift in Sources */ = {isa = PBXBuildFile; fileRef = 4884D25D2517D97B0074CA5F /* FrekPlaceRow.swift */; };
		48C6FEA3251938E60051B4B3 /* FrekPlaceRow.swift in Sources */ = {isa = PBXBuildFile; fileRef = 48C6FEA2251938E60051B4B3 /* FrekPlaceRow.swift */; };
		48C6FEF1251A02BC0051B4B3 /* DeviceMeta.swift in Sources */ = {isa = PBXBuildFile; fileRef = 48C6FEF0251A02BC0051B4B3 /* DeviceMeta.swift */; };
		48C6FFE2251A42370051B4B3 /* ValueStore.swift in Sources */ = {isa = PBXBuildFile; fileRef = 48C6FFE1251A42360051B4B3 /* ValueStore.swift */; };
		48C6FFE3251A42370051B4B3 /* ValueStore.swift in Sources */ = {isa = PBXBuildFile; fileRef = 48C6FFE1251A42360051B4B3 /* ValueStore.swift */; };
		48C8A4D8251A5C4800C29AAD /* ToggleFavoriteButton.swift in Sources */ = {isa = PBXBuildFile; fileRef = 48C8A4D7251A5C4800C29AAD /* ToggleFavoriteButton.swift */; };
		48C8A4DF251A5C8000C29AAD /* ToggleFavoriteButton.swift in Sources */ = {isa = PBXBuildFile; fileRef = 48C8A4D7251A5C4800C29AAD /* ToggleFavoriteButton.swift */; };
		48D1244926226527007E1805 /* FrekPlaceDetail.swift in Sources */ = {isa = PBXBuildFile; fileRef = 48D1244826226527007E1805 /* FrekPlaceDetail.swift */; };
		48FC8777256DD3E1008E6920 /* ClockKit.framework in Frameworks */ = {isa = PBXBuildFile; fileRef = 48FC8776256DD3E1008E6920 /* ClockKit.framework */; settings = {ATTRIBUTES = (Weak, ); }; };
		556E7ECAA483DE617A302124 /* Pods_FrekTests.framework in Frameworks */ = {isa = PBXBuildFile; fileRef = 207334EE2546749CD79199F3 /* Pods_FrekTests.framework */; };
		60DA19BC8E3F549C8EE28CEC /* Pods_Frek.framework in Frameworks */ = {isa = PBXBuildFile; fileRef = EF4412E8B98ABE42BDEDD148 /* Pods_Frek.framework */; };
		97DC16A820579D06C11B5AF2 /* Pods_FrekWatch_WatchKit_Extension.framework in Frameworks */ = {isa = PBXBuildFile; fileRef = 610D5E0FA3E09ECE53D00CF5 /* Pods_FrekWatch_WatchKit_Extension.framework */; };
		A16E8BD6BEF13C0A478E157E /* Pods_FrekWatch_WatchKit_App.framework in Frameworks */ = {isa = PBXBuildFile; fileRef = ACCE1B296110B3FC3E00FA47 /* Pods_FrekWatch_WatchKit_App.framework */; };
		AB5B073908C3BE7A0816B41C /* Pods_Frek_FrekUITests.framework in Frameworks */ = {isa = PBXBuildFile; fileRef = EC5DF36102A3797F6F8E4CE3 /* Pods_Frek_FrekUITests.framework */; };
		ADFB8AF654C79D502AA0EB72 /* Pods_FrekWatch.framework in Frameworks */ = {isa = PBXBuildFile; fileRef = 1B45679E65851EF17455A179 /* Pods_FrekWatch.framework */; };
/* End PBXBuildFile section */

/* Begin PBXContainerItemProxy section */
		48435FC82516DED500FFED01 /* PBXContainerItemProxy */ = {
			isa = PBXContainerItemProxy;
			containerPortal = 48435FAE2516DED200FFED01 /* Project object */;
			proxyType = 1;
			remoteGlobalIDString = 48435FB52516DED200FFED01;
			remoteInfo = Frek;
		};
		48435FD32516DED500FFED01 /* PBXContainerItemProxy */ = {
			isa = PBXContainerItemProxy;
			containerPortal = 48435FAE2516DED200FFED01 /* Project object */;
			proxyType = 1;
			remoteGlobalIDString = 48435FB52516DED200FFED01;
			remoteInfo = Frek;
		};
		4884D1CE25177B640074CA5F /* PBXContainerItemProxy */ = {
			isa = PBXContainerItemProxy;
			containerPortal = 48435FAE2516DED200FFED01 /* Project object */;
			proxyType = 1;
			remoteGlobalIDString = 4884D1CB25177B640074CA5F;
			remoteInfo = "FrekWatch WatchKit App";
		};
		4884D1DD25177B690074CA5F /* PBXContainerItemProxy */ = {
			isa = PBXContainerItemProxy;
			containerPortal = 48435FAE2516DED200FFED01 /* Project object */;
			proxyType = 1;
			remoteGlobalIDString = 4884D1DA25177B680074CA5F;
			remoteInfo = "FrekWatch WatchKit Extension";
		};
/* End PBXContainerItemProxy section */

/* Begin PBXCopyFilesBuildPhase section */
		4884D1F625177B6C0074CA5F /* Embed App Extensions */ = {
			isa = PBXCopyFilesBuildPhase;
			buildActionMask = 2147483647;
			dstPath = "";
			dstSubfolderSpec = 13;
			files = (
				4884D1DC25177B690074CA5F /* FrekWatch WatchKit Extension.appex in Embed App Extensions */,
			);
			name = "Embed App Extensions";
			runOnlyForDeploymentPostprocessing = 0;
		};
		4884D1FA25177B6C0074CA5F /* Embed Watch Content */ = {
			isa = PBXCopyFilesBuildPhase;
			buildActionMask = 2147483647;
			dstPath = "$(CONTENTS_FOLDER_PATH)/Watch";
			dstSubfolderSpec = 16;
			files = (
				4884D1CD25177B640074CA5F /* FrekWatch WatchKit App.app in Embed Watch Content */,
			);
			name = "Embed Watch Content";
			runOnlyForDeploymentPostprocessing = 0;
		};
/* End PBXCopyFilesBuildPhase section */

/* Begin PBXFileReference section */
		06E5EE7683E28152CF3FE1E7 /* Pods-FrekWatch WatchKit Extension.release.xcconfig */ = {isa = PBXFileReference; includeInIndex = 1; lastKnownFileType = text.xcconfig; name = "Pods-FrekWatch WatchKit Extension.release.xcconfig"; path = "Target Support Files/Pods-FrekWatch WatchKit Extension/Pods-FrekWatch WatchKit Extension.release.xcconfig"; sourceTree = "<group>"; };
		1B45679E65851EF17455A179 /* Pods_FrekWatch.framework */ = {isa = PBXFileReference; explicitFileType = wrapper.framework; includeInIndex = 0; path = Pods_FrekWatch.framework; sourceTree = BUILT_PRODUCTS_DIR; };
		207334EE2546749CD79199F3 /* Pods_FrekTests.framework */ = {isa = PBXFileReference; explicitFileType = wrapper.framework; includeInIndex = 0; path = Pods_FrekTests.framework; sourceTree = BUILT_PRODUCTS_DIR; };
		26E4B0C2AA57853466E3674D /* Pods-FrekWatch WatchKit App.release.xcconfig */ = {isa = PBXFileReference; includeInIndex = 1; lastKnownFileType = text.xcconfig; name = "Pods-FrekWatch WatchKit App.release.xcconfig"; path = "Target Support Files/Pods-FrekWatch WatchKit App/Pods-FrekWatch WatchKit App.release.xcconfig"; sourceTree = "<group>"; };
		480836D9265A8358009C15D9 /* HTTPHelper.swift */ = {isa = PBXFileReference; lastKnownFileType = sourcecode.swift; path = HTTPHelper.swift; sourceTree = "<group>"; };
		4817E80A2657B9A200128396 /* GoogleService-Info.plist */ = {isa = PBXFileReference; fileEncoding = 4; lastKnownFileType = text.plist.xml; path = "GoogleService-Info.plist"; sourceTree = "<group>"; };
		4817E80C2657BA9400128396 /* AppDelegate.swift */ = {isa = PBXFileReference; lastKnownFileType = sourcecode.swift; path = AppDelegate.swift; sourceTree = "<group>"; };
		482A399E2522126900A2028A /* FrekThumbnail.swift */ = {isa = PBXFileReference; lastKnownFileType = sourcecode.swift; path = FrekThumbnail.swift; sourceTree = "<group>"; };
		482A39B42522185C00A2028A /* FrekApp.swift */ = {isa = PBXFileReference; lastKnownFileType = sourcecode.swift; path = FrekApp.swift; sourceTree = "<group>"; };
		482A39F2252221F600A2028A /* FrekPlaceGrid.swift */ = {isa = PBXFileReference; lastKnownFileType = sourcecode.swift; path = FrekPlaceGrid.swift; sourceTree = "<group>"; };
		482E2F30265E526400C60730 /* FrekPlaceAssets.xcassets */ = {isa = PBXFileReference; lastKnownFileType = folder.assetcatalog; path = FrekPlaceAssets.xcassets; sourceTree = "<group>"; };
		482E2F33265E6E9B00C60730 /* FrekPlaceList.swift */ = {isa = PBXFileReference; fileEncoding = 4; lastKnownFileType = sourcecode.swift; path = FrekPlaceList.swift; sourceTree = "<group>"; };
		48435FB62516DED200FFED01 /* Frek.app */ = {isa = PBXFileReference; explicitFileType = wrapper.application; includeInIndex = 0; path = Frek.app; sourceTree = BUILT_PRODUCTS_DIR; };
		48435FB92516DED200FFED01 /* MainView.swift */ = {isa = PBXFileReference; lastKnownFileType = sourcecode.swift; path = MainView.swift; sourceTree = "<group>"; };
		48435FBD2516DED500FFED01 /* Assets.xcassets */ = {isa = PBXFileReference; lastKnownFileType = folder.assetcatalog; path = Assets.xcassets; sourceTree = "<group>"; };
		48435FC22516DED500FFED01 /* Info.plist */ = {isa = PBXFileReference; lastKnownFileType = text.plist.xml; path = Info.plist; sourceTree = "<group>"; };
		48435FC72516DED500FFED01 /* FrekTests.xctest */ = {isa = PBXFileReference; explicitFileType = wrapper.cfbundle; includeInIndex = 0; path = FrekTests.xctest; sourceTree = BUILT_PRODUCTS_DIR; };
		48435FCB2516DED500FFED01 /* FrekTests.swift */ = {isa = PBXFileReference; lastKnownFileType = sourcecode.swift; path = FrekTests.swift; sourceTree = "<group>"; };
		48435FCD2516DED500FFED01 /* Info.plist */ = {isa = PBXFileReference; lastKnownFileType = text.plist.xml; path = Info.plist; sourceTree = "<group>"; };
		48435FD22516DED500FFED01 /* FrekUITests.xctest */ = {isa = PBXFileReference; explicitFileType = wrapper.cfbundle; includeInIndex = 0; path = FrekUITests.xctest; sourceTree = BUILT_PRODUCTS_DIR; };
		48435FD62516DED500FFED01 /* FrekUITests.swift */ = {isa = PBXFileReference; lastKnownFileType = sourcecode.swift; path = FrekUITests.swift; sourceTree = "<group>"; };
		48435FD82516DED500FFED01 /* Info.plist */ = {isa = PBXFileReference; lastKnownFileType = text.plist.xml; path = Info.plist; sourceTree = "<group>"; };
		48435FE72516E0B800FFED01 /* StateFetcher.swift */ = {isa = PBXFileReference; lastKnownFileType = sourcecode.swift; path = StateFetcher.swift; sourceTree = "<group>"; };
		48435FEC2516E18F00FFED01 /* FrekPlace.swift */ = {isa = PBXFileReference; lastKnownFileType = sourcecode.swift; path = FrekPlace.swift; sourceTree = "<group>"; };
		48548A24265EFF5300272ADB /* MapView.swift */ = {isa = PBXFileReference; lastKnownFileType = sourcecode.swift; path = MapView.swift; sourceTree = "<group>"; };
		4884D1C925177B640074CA5F /* FrekWatch.app */ = {isa = PBXFileReference; explicitFileType = wrapper.application; includeInIndex = 0; path = FrekWatch.app; sourceTree = BUILT_PRODUCTS_DIR; };
		4884D1CC25177B640074CA5F /* FrekWatch WatchKit App.app */ = {isa = PBXFileReference; explicitFileType = wrapper.application; includeInIndex = 0; path = "FrekWatch WatchKit App.app"; sourceTree = BUILT_PRODUCTS_DIR; };
		4884D1D225177B640074CA5F /* Base */ = {isa = PBXFileReference; lastKnownFileType = file.storyboard; name = Base; path = Base.lproj/Interface.storyboard; sourceTree = "<group>"; };
		4884D1D425177B680074CA5F /* Assets.xcassets */ = {isa = PBXFileReference; lastKnownFileType = folder.assetcatalog; path = Assets.xcassets; sourceTree = "<group>"; };
		4884D1D625177B680074CA5F /* Info.plist */ = {isa = PBXFileReference; lastKnownFileType = text.plist.xml; path = Info.plist; sourceTree = "<group>"; };
		4884D1DB25177B680074CA5F /* FrekWatch WatchKit Extension.appex */ = {isa = PBXFileReference; explicitFileType = "wrapper.app-extension"; includeInIndex = 0; path = "FrekWatch WatchKit Extension.appex"; sourceTree = BUILT_PRODUCTS_DIR; };
		4884D1E025177B690074CA5F /* HostingController.swift */ = {isa = PBXFileReference; lastKnownFileType = sourcecode.swift; path = HostingController.swift; sourceTree = "<group>"; };
		4884D1E425177B690074CA5F /* ExtensionDelegate.swift */ = {isa = PBXFileReference; lastKnownFileType = sourcecode.swift; path = ExtensionDelegate.swift; sourceTree = "<group>"; };
		4884D1E625177B690074CA5F /* NotificationController.swift */ = {isa = PBXFileReference; lastKnownFileType = sourcecode.swift; path = NotificationController.swift; sourceTree = "<group>"; };
		4884D1E825177B690074CA5F /* NotificationView.swift */ = {isa = PBXFileReference; lastKnownFileType = sourcecode.swift; path = NotificationView.swift; sourceTree = "<group>"; };
		4884D1EA25177B690074CA5F /* ComplicationController.swift */ = {isa = PBXFileReference; lastKnownFileType = sourcecode.swift; path = ComplicationController.swift; sourceTree = "<group>"; };
		4884D1EC25177B6C0074CA5F /* Assets.xcassets */ = {isa = PBXFileReference; lastKnownFileType = folder.assetcatalog; path = Assets.xcassets; sourceTree = "<group>"; };
		4884D1EF25177B6C0074CA5F /* Preview Assets.xcassets */ = {isa = PBXFileReference; lastKnownFileType = folder.assetcatalog; path = "Preview Assets.xcassets"; sourceTree = "<group>"; };
		4884D1F125177B6C0074CA5F /* Info.plist */ = {isa = PBXFileReference; lastKnownFileType = text.plist.xml; path = Info.plist; sourceTree = "<group>"; };
		4884D1F225177B6C0074CA5F /* PushNotificationPayload.apns */ = {isa = PBXFileReference; lastKnownFileType = text; path = PushNotificationPayload.apns; sourceTree = "<group>"; };
		4884D25D2517D97B0074CA5F /* FrekPlaceRow.swift */ = {isa = PBXFileReference; lastKnownFileType = sourcecode.swift; path = FrekPlaceRow.swift; sourceTree = "<group>"; };
		48C6FEA2251938E60051B4B3 /* FrekPlaceRow.swift */ = {isa = PBXFileReference; lastKnownFileType = sourcecode.swift; path = FrekPlaceRow.swift; sourceTree = "<group>"; };
		48C6FEF0251A02BC0051B4B3 /* DeviceMeta.swift */ = {isa = PBXFileReference; lastKnownFileType = sourcecode.swift; path = DeviceMeta.swift; sourceTree = "<group>"; };
		48C6FFE1251A42360051B4B3 /* ValueStore.swift */ = {isa = PBXFileReference; lastKnownFileType = sourcecode.swift; path = ValueStore.swift; sourceTree = "<group>"; };
		48C8A4D7251A5C4800C29AAD /* ToggleFavoriteButton.swift */ = {isa = PBXFileReference; lastKnownFileType = sourcecode.swift; path = ToggleFavoriteButton.swift; sourceTree = "<group>"; };
		48D1244826226527007E1805 /* FrekPlaceDetail.swift */ = {isa = PBXFileReference; lastKnownFileType = sourcecode.swift; path = FrekPlaceDetail.swift; sourceTree = "<group>"; };
		48FC8776256DD3E1008E6920 /* ClockKit.framework */ = {isa = PBXFileReference; lastKnownFileType = wrapper.framework; name = ClockKit.framework; path = Platforms/WatchOS.platform/Developer/SDKs/WatchOS7.1.sdk/System/Library/Frameworks/ClockKit.framework; sourceTree = DEVELOPER_DIR; };
		6033B5E76679DF7F1AD8537A /* Pods-Frek-FrekUITests.debug.xcconfig */ = {isa = PBXFileReference; includeInIndex = 1; lastKnownFileType = text.xcconfig; name = "Pods-Frek-FrekUITests.debug.xcconfig"; path = "Target Support Files/Pods-Frek-FrekUITests/Pods-Frek-FrekUITests.debug.xcconfig"; sourceTree = "<group>"; };
		610D5E0FA3E09ECE53D00CF5 /* Pods_FrekWatch_WatchKit_Extension.framework */ = {isa = PBXFileReference; explicitFileType = wrapper.framework; includeInIndex = 0; path = Pods_FrekWatch_WatchKit_Extension.framework; sourceTree = BUILT_PRODUCTS_DIR; };
		8EF94837C35D1F0F7FBCBF2A /* Pods-Frek.debug.xcconfig */ = {isa = PBXFileReference; includeInIndex = 1; lastKnownFileType = text.xcconfig; name = "Pods-Frek.debug.xcconfig"; path = "Target Support Files/Pods-Frek/Pods-Frek.debug.xcconfig"; sourceTree = "<group>"; };
		94659A440A215792792574CE /* Pods-FrekWatch WatchKit App.debug.xcconfig */ = {isa = PBXFileReference; includeInIndex = 1; lastKnownFileType = text.xcconfig; name = "Pods-FrekWatch WatchKit App.debug.xcconfig"; path = "Target Support Files/Pods-FrekWatch WatchKit App/Pods-FrekWatch WatchKit App.debug.xcconfig"; sourceTree = "<group>"; };
		A68E8659BF72C3716F2FBF84 /* Pods-FrekTests.release.xcconfig */ = {isa = PBXFileReference; includeInIndex = 1; lastKnownFileType = text.xcconfig; name = "Pods-FrekTests.release.xcconfig"; path = "Target Support Files/Pods-FrekTests/Pods-FrekTests.release.xcconfig"; sourceTree = "<group>"; };
		ACCE1B296110B3FC3E00FA47 /* Pods_FrekWatch_WatchKit_App.framework */ = {isa = PBXFileReference; explicitFileType = wrapper.framework; includeInIndex = 0; path = Pods_FrekWatch_WatchKit_App.framework; sourceTree = BUILT_PRODUCTS_DIR; };
		AED417161D5EBDDA4B856536 /* Pods-Frek-FrekUITests.release.xcconfig */ = {isa = PBXFileReference; includeInIndex = 1; lastKnownFileType = text.xcconfig; name = "Pods-Frek-FrekUITests.release.xcconfig"; path = "Target Support Files/Pods-Frek-FrekUITests/Pods-Frek-FrekUITests.release.xcconfig"; sourceTree = "<group>"; };
		CF0B32A1E1A23D18D7EF920F /* Pods-FrekWatch.debug.xcconfig */ = {isa = PBXFileReference; includeInIndex = 1; lastKnownFileType = text.xcconfig; name = "Pods-FrekWatch.debug.xcconfig"; path = "Target Support Files/Pods-FrekWatch/Pods-FrekWatch.debug.xcconfig"; sourceTree = "<group>"; };
		D141B550942A26E48BBD1B9A /* Pods-Frek.release.xcconfig */ = {isa = PBXFileReference; includeInIndex = 1; lastKnownFileType = text.xcconfig; name = "Pods-Frek.release.xcconfig"; path = "Target Support Files/Pods-Frek/Pods-Frek.release.xcconfig"; sourceTree = "<group>"; };
		D1D65DFBEDF059601E00DC7B /* Pods-FrekWatch.release.xcconfig */ = {isa = PBXFileReference; includeInIndex = 1; lastKnownFileType = text.xcconfig; name = "Pods-FrekWatch.release.xcconfig"; path = "Target Support Files/Pods-FrekWatch/Pods-FrekWatch.release.xcconfig"; sourceTree = "<group>"; };
		D820E35CE4571DA1AD1F23E7 /* Pods-FrekWatch WatchKit Extension.debug.xcconfig */ = {isa = PBXFileReference; includeInIndex = 1; lastKnownFileType = text.xcconfig; name = "Pods-FrekWatch WatchKit Extension.debug.xcconfig"; path = "Target Support Files/Pods-FrekWatch WatchKit Extension/Pods-FrekWatch WatchKit Extension.debug.xcconfig"; sourceTree = "<group>"; };
		E6FD04A71AE23A7C1A40B503 /* Pods-FrekTests.debug.xcconfig */ = {isa = PBXFileReference; includeInIndex = 1; lastKnownFileType = text.xcconfig; name = "Pods-FrekTests.debug.xcconfig"; path = "Target Support Files/Pods-FrekTests/Pods-FrekTests.debug.xcconfig"; sourceTree = "<group>"; };
		EC5DF36102A3797F6F8E4CE3 /* Pods_Frek_FrekUITests.framework */ = {isa = PBXFileReference; explicitFileType = wrapper.framework; includeInIndex = 0; path = Pods_Frek_FrekUITests.framework; sourceTree = BUILT_PRODUCTS_DIR; };
		EF4412E8B98ABE42BDEDD148 /* Pods_Frek.framework */ = {isa = PBXFileReference; explicitFileType = wrapper.framework; includeInIndex = 0; path = Pods_Frek.framework; sourceTree = BUILT_PRODUCTS_DIR; };
/* End PBXFileReference section */

/* Begin PBXFrameworksBuildPhase section */
		42999509E4C94ABDF083788A /* Frameworks */ = {
			isa = PBXFrameworksBuildPhase;
			buildActionMask = 2147483647;
			files = (
				ADFB8AF654C79D502AA0EB72 /* Pods_FrekWatch.framework in Frameworks */,
			);
			runOnlyForDeploymentPostprocessing = 0;
		};
		48435FB32516DED200FFED01 /* Frameworks */ = {
			isa = PBXFrameworksBuildPhase;
			buildActionMask = 2147483647;
			files = (
				60DA19BC8E3F549C8EE28CEC /* Pods_Frek.framework in Frameworks */,
			);
			runOnlyForDeploymentPostprocessing = 0;
		};
		48435FC42516DED500FFED01 /* Frameworks */ = {
			isa = PBXFrameworksBuildPhase;
			buildActionMask = 2147483647;
			files = (
				556E7ECAA483DE617A302124 /* Pods_FrekTests.framework in Frameworks */,
			);
			runOnlyForDeploymentPostprocessing = 0;
		};
		48435FCF2516DED500FFED01 /* Frameworks */ = {
			isa = PBXFrameworksBuildPhase;
			buildActionMask = 2147483647;
			files = (
				AB5B073908C3BE7A0816B41C /* Pods_Frek_FrekUITests.framework in Frameworks */,
			);
			runOnlyForDeploymentPostprocessing = 0;
		};
		4884D1D825177B680074CA5F /* Frameworks */ = {
			isa = PBXFrameworksBuildPhase;
			buildActionMask = 2147483647;
			files = (
				48FC8777256DD3E1008E6920 /* ClockKit.framework in Frameworks */,
				97DC16A820579D06C11B5AF2 /* Pods_FrekWatch_WatchKit_Extension.framework in Frameworks */,
			);
			runOnlyForDeploymentPostprocessing = 0;
		};
		A1E122EAF2CCEF63315643B1 /* Frameworks */ = {
			isa = PBXFrameworksBuildPhase;
			buildActionMask = 2147483647;
			files = (
				A16E8BD6BEF13C0A478E157E /* Pods_FrekWatch_WatchKit_App.framework in Frameworks */,
			);
			runOnlyForDeploymentPostprocessing = 0;
		};
/* End PBXFrameworksBuildPhase section */

/* Begin PBXGroup section */
		483A3C5C2518316000FB37C5 /* Frek */ = {
			isa = PBXGroup;
			children = (
				4817E80A2657B9A200128396 /* GoogleService-Info.plist */,
				48435FC22516DED500FFED01 /* Info.plist */,
				4817E80C2657BA9400128396 /* AppDelegate.swift */,
			);
			path = Frek;
			sourceTree = "<group>";
		};
		48435FAD2516DED200FFED01 = {
			isa = PBXGroup;
			children = (
				483A3C5C2518316000FB37C5 /* Frek */,
				4884D27725181C9B0074CA5F /* Controller */,
				4884D20B2517C7B70074CA5F /* Model */,
				48C8A4D6251A5C0E00C29AAD /* View */,
				48CBDF762519026300742F9B /* Utils */,
				4884D2132517C81D0074CA5F /* Ressources */,
				48C6FE9B25192E700051B4B3 /* FrekWatch WatchKit Extension */,
				48435FCA2516DED500FFED01 /* FrekTests */,
				48435FD52516DED500FFED01 /* FrekUITests */,
				4884D1D025177B640074CA5F /* FrekWatch WatchKit App */,
				48435FB72516DED200FFED01 /* Products */,
				48FC8775256DD3E1008E6920 /* Frameworks */,
				68F78F5CFAF43A065E2E74E1 /* Pods */,
			);
			sourceTree = "<group>";
		};
		48435FB72516DED200FFED01 /* Products */ = {
			isa = PBXGroup;
			children = (
				48435FB62516DED200FFED01 /* Frek.app */,
				48435FC72516DED500FFED01 /* FrekTests.xctest */,
				48435FD22516DED500FFED01 /* FrekUITests.xctest */,
				4884D1C925177B640074CA5F /* FrekWatch.app */,
				4884D1CC25177B640074CA5F /* FrekWatch WatchKit App.app */,
				4884D1DB25177B680074CA5F /* FrekWatch WatchKit Extension.appex */,
			);
			name = Products;
			sourceTree = "<group>";
		};
		48435FB82516DED200FFED01 /* IOSView */ = {
			isa = PBXGroup;
			children = (
				48435FB92516DED200FFED01 /* MainView.swift */,
				4884D25D2517D97B0074CA5F /* FrekPlaceRow.swift */,
				482A39F2252221F600A2028A /* FrekPlaceGrid.swift */,
				48435FBD2516DED500FFED01 /* Assets.xcassets */,
				48D1244826226527007E1805 /* FrekPlaceDetail.swift */,
			);
			path = IOSView;
			sourceTree = "<group>";
		};
		48435FCA2516DED500FFED01 /* FrekTests */ = {
			isa = PBXGroup;
			children = (
				48435FCB2516DED500FFED01 /* FrekTests.swift */,
				48435FCD2516DED500FFED01 /* Info.plist */,
			);
			path = FrekTests;
			sourceTree = "<group>";
		};
		48435FD52516DED500FFED01 /* FrekUITests */ = {
			isa = PBXGroup;
			children = (
				48435FD62516DED500FFED01 /* FrekUITests.swift */,
				48435FD82516DED500FFED01 /* Info.plist */,
			);
			path = FrekUITests;
			sourceTree = "<group>";
		};
		4884D1D025177B640074CA5F /* FrekWatch WatchKit App */ = {
			isa = PBXGroup;
			children = (
				4884D1D125177B640074CA5F /* Interface.storyboard */,
				4884D1D425177B680074CA5F /* Assets.xcassets */,
				4884D1D625177B680074CA5F /* Info.plist */,
			);
			path = "FrekWatch WatchKit App";
			sourceTree = "<group>";
		};
		4884D1DF25177B690074CA5F /* WatchOSView */ = {
			isa = PBXGroup;
			children = (
				4884D1E025177B690074CA5F /* HostingController.swift */,
				48C6FEA2251938E60051B4B3 /* FrekPlaceRow.swift */,
				4884D1EC25177B6C0074CA5F /* Assets.xcassets */,
			);
			path = WatchOSView;
			sourceTree = "<group>";
		};
		4884D1EE25177B6C0074CA5F /* Preview Content */ = {
			isa = PBXGroup;
			children = (
				4884D1EF25177B6C0074CA5F /* Preview Assets.xcassets */,
			);
			path = "Preview Content";
			sourceTree = "<group>";
		};
		4884D20B2517C7B70074CA5F /* Model */ = {
			isa = PBXGroup;
			children = (
				48435FEC2516E18F00FFED01 /* FrekPlace.swift */,
			);
			path = Model;
			sourceTree = "<group>";
		};
		4884D2132517C81D0074CA5F /* Ressources */ = {
			isa = PBXGroup;
			children = (
				482E2F30265E526400C60730 /* FrekPlaceAssets.xcassets */,
			);
			path = Ressources;
			sourceTree = "<group>";
		};
		4884D27725181C9B0074CA5F /* Controller */ = {
			isa = PBXGroup;
			children = (
				48435FE72516E0B800FFED01 /* StateFetcher.swift */,
			);
			path = Controller;
			sourceTree = "<group>";
		};
		48C6FE9B25192E700051B4B3 /* FrekWatch WatchKit Extension */ = {
			isa = PBXGroup;
			children = (
				4884D1EA25177B690074CA5F /* ComplicationController.swift */,
				4884D1E825177B690074CA5F /* NotificationView.swift */,
				4884D1E625177B690074CA5F /* NotificationController.swift */,
				4884D1E425177B690074CA5F /* ExtensionDelegate.swift */,
				4884D1F225177B6C0074CA5F /* PushNotificationPayload.apns */,
				4884D1EE25177B6C0074CA5F /* Preview Content */,
				4884D1F125177B6C0074CA5F /* Info.plist */,
			);
			path = "FrekWatch WatchKit Extension";
			sourceTree = "<group>";
		};
		48C8A4D6251A5C0E00C29AAD /* View */ = {
			isa = PBXGroup;
			children = (
				482A39B42522185C00A2028A /* FrekApp.swift */,
				482E2F33265E6E9B00C60730 /* FrekPlaceList.swift */,
				482A399E2522126900A2028A /* FrekThumbnail.swift */,
				48C8A4D7251A5C4800C29AAD /* ToggleFavoriteButton.swift */,
				48435FB82516DED200FFED01 /* IOSView */,
				4884D1DF25177B690074CA5F /* WatchOSView */,
				48548A24265EFF5300272ADB /* MapView.swift */,
			);
			path = View;
			sourceTree = "<group>";
		};
		48CBDF762519026300742F9B /* Utils */ = {
			isa = PBXGroup;
			children = (
				48C6FEF0251A02BC0051B4B3 /* DeviceMeta.swift */,
				48C6FFE1251A42360051B4B3 /* ValueStore.swift */,
				480836D9265A8358009C15D9 /* HTTPHelper.swift */,
			);
			path = Utils;
			sourceTree = "<group>";
		};
		48FC8775256DD3E1008E6920 /* Frameworks */ = {
			isa = PBXGroup;
			children = (
				48FC8776256DD3E1008E6920 /* ClockKit.framework */,
				EF4412E8B98ABE42BDEDD148 /* Pods_Frek.framework */,
				EC5DF36102A3797F6F8E4CE3 /* Pods_Frek_FrekUITests.framework */,
				207334EE2546749CD79199F3 /* Pods_FrekTests.framework */,
				1B45679E65851EF17455A179 /* Pods_FrekWatch.framework */,
				ACCE1B296110B3FC3E00FA47 /* Pods_FrekWatch_WatchKit_App.framework */,
				610D5E0FA3E09ECE53D00CF5 /* Pods_FrekWatch_WatchKit_Extension.framework */,
			);
			name = Frameworks;
			sourceTree = "<group>";
		};
		68F78F5CFAF43A065E2E74E1 /* Pods */ = {
			isa = PBXGroup;
			children = (
				8EF94837C35D1F0F7FBCBF2A /* Pods-Frek.debug.xcconfig */,
				D141B550942A26E48BBD1B9A /* Pods-Frek.release.xcconfig */,
				6033B5E76679DF7F1AD8537A /* Pods-Frek-FrekUITests.debug.xcconfig */,
				AED417161D5EBDDA4B856536 /* Pods-Frek-FrekUITests.release.xcconfig */,
				E6FD04A71AE23A7C1A40B503 /* Pods-FrekTests.debug.xcconfig */,
				A68E8659BF72C3716F2FBF84 /* Pods-FrekTests.release.xcconfig */,
				CF0B32A1E1A23D18D7EF920F /* Pods-FrekWatch.debug.xcconfig */,
				D1D65DFBEDF059601E00DC7B /* Pods-FrekWatch.release.xcconfig */,
				94659A440A215792792574CE /* Pods-FrekWatch WatchKit App.debug.xcconfig */,
				26E4B0C2AA57853466E3674D /* Pods-FrekWatch WatchKit App.release.xcconfig */,
				D820E35CE4571DA1AD1F23E7 /* Pods-FrekWatch WatchKit Extension.debug.xcconfig */,
				06E5EE7683E28152CF3FE1E7 /* Pods-FrekWatch WatchKit Extension.release.xcconfig */,
			);
			path = Pods;
			sourceTree = "<group>";
		};
/* End PBXGroup section */

/* Begin PBXNativeTarget section */
		48435FB52516DED200FFED01 /* Frek */ = {
			isa = PBXNativeTarget;
			buildConfigurationList = 48435FDB2516DED500FFED01 /* Build configuration list for PBXNativeTarget "Frek" */;
			buildPhases = (
				833234C9882446B6CD52CE6E /* [CP] Check Pods Manifest.lock */,
				48435FB22516DED200FFED01 /* Sources */,
				48435FB32516DED200FFED01 /* Frameworks */,
				48435FB42516DED200FFED01 /* Resources */,
				5F4444C60E7B3816644C3E42 /* [CP] Embed Pods Frameworks */,
			);
			buildRules = (
			);
			dependencies = (
			);
			name = Frek;
			productName = Frek;
			productReference = 48435FB62516DED200FFED01 /* Frek.app */;
			productType = "com.apple.product-type.application";
		};
		48435FC62516DED500FFED01 /* FrekTests */ = {
			isa = PBXNativeTarget;
			buildConfigurationList = 48435FDE2516DED500FFED01 /* Build configuration list for PBXNativeTarget "FrekTests" */;
			buildPhases = (
				8A1F1A89685136B9D16E461E /* [CP] Check Pods Manifest.lock */,
				48435FC32516DED500FFED01 /* Sources */,
				48435FC42516DED500FFED01 /* Frameworks */,
				48435FC52516DED500FFED01 /* Resources */,
			);
			buildRules = (
			);
			dependencies = (
				48435FC92516DED500FFED01 /* PBXTargetDependency */,
			);
			name = FrekTests;
			productName = FrekTests;
			productReference = 48435FC72516DED500FFED01 /* FrekTests.xctest */;
			productType = "com.apple.product-type.bundle.unit-test";
		};
		48435FD12516DED500FFED01 /* FrekUITests */ = {
			isa = PBXNativeTarget;
			buildConfigurationList = 48435FE12516DED500FFED01 /* Build configuration list for PBXNativeTarget "FrekUITests" */;
			buildPhases = (
				0D257E7BE93F812E7CDCD1FA /* [CP] Check Pods Manifest.lock */,
				48435FCE2516DED500FFED01 /* Sources */,
				48435FCF2516DED500FFED01 /* Frameworks */,
				48435FD02516DED500FFED01 /* Resources */,
				A511F2427AFADB9E2B0214DA /* [CP] Embed Pods Frameworks */,
			);
			buildRules = (
			);
			dependencies = (
				48435FD42516DED500FFED01 /* PBXTargetDependency */,
			);
			name = FrekUITests;
			productName = FrekUITests;
			productReference = 48435FD22516DED500FFED01 /* FrekUITests.xctest */;
			productType = "com.apple.product-type.bundle.ui-testing";
		};
		4884D1C825177B640074CA5F /* FrekWatch */ = {
			isa = PBXNativeTarget;
			buildConfigurationList = 4884D1FB25177B6C0074CA5F /* Build configuration list for PBXNativeTarget "FrekWatch" */;
			buildPhases = (
				9DB71C24D0B13D4F30DCD12D /* [CP] Check Pods Manifest.lock */,
				4884D1C725177B640074CA5F /* Resources */,
				4884D1FA25177B6C0074CA5F /* Embed Watch Content */,
				42999509E4C94ABDF083788A /* Frameworks */,
			);
			buildRules = (
			);
			dependencies = (
				4884D1CF25177B640074CA5F /* PBXTargetDependency */,
			);
			name = FrekWatch;
			productName = FrekWatch;
			productReference = 4884D1C925177B640074CA5F /* FrekWatch.app */;
			productType = "com.apple.product-type.application.watchapp2-container";
		};
		4884D1CB25177B640074CA5F /* FrekWatch WatchKit App */ = {
			isa = PBXNativeTarget;
			buildConfigurationList = 4884D1F725177B6C0074CA5F /* Build configuration list for PBXNativeTarget "FrekWatch WatchKit App" */;
			buildPhases = (
				08F9B7031BB88666F88568F3 /* [CP] Check Pods Manifest.lock */,
				4884D1CA25177B640074CA5F /* Resources */,
				4884D1F625177B6C0074CA5F /* Embed App Extensions */,
				A1E122EAF2CCEF63315643B1 /* Frameworks */,
			);
			buildRules = (
			);
			dependencies = (
				4884D1DE25177B690074CA5F /* PBXTargetDependency */,
			);
			name = "FrekWatch WatchKit App";
			productName = "FrekWatch WatchKit App";
			productReference = 4884D1CC25177B640074CA5F /* FrekWatch WatchKit App.app */;
			productType = "com.apple.product-type.application.watchapp2";
		};
		4884D1DA25177B680074CA5F /* FrekWatch WatchKit Extension */ = {
			isa = PBXNativeTarget;
			buildConfigurationList = 4884D1F325177B6C0074CA5F /* Build configuration list for PBXNativeTarget "FrekWatch WatchKit Extension" */;
			buildPhases = (
				C39924DCE944D7D9EE4336B7 /* [CP] Check Pods Manifest.lock */,
				4884D1D725177B680074CA5F /* Sources */,
				4884D1D825177B680074CA5F /* Frameworks */,
				4884D1D925177B680074CA5F /* Resources */,
			);
			buildRules = (
			);
			dependencies = (
			);
			name = "FrekWatch WatchKit Extension";
			productName = "FrekWatch WatchKit Extension";
			productReference = 4884D1DB25177B680074CA5F /* FrekWatch WatchKit Extension.appex */;
			productType = "com.apple.product-type.watchkit2-extension";
		};
/* End PBXNativeTarget section */

/* Begin PBXProject section */
		48435FAE2516DED200FFED01 /* Project object */ = {
			isa = PBXProject;
			attributes = {
				LastSwiftUpdateCheck = 1200;
				LastUpgradeCheck = 1200;
				TargetAttributes = {
					48435FB52516DED200FFED01 = {
						CreatedOnToolsVersion = 12.0;
					};
					48435FC62516DED500FFED01 = {
						CreatedOnToolsVersion = 12.0;
						TestTargetID = 48435FB52516DED200FFED01;
					};
					48435FD12516DED500FFED01 = {
						CreatedOnToolsVersion = 12.0;
						TestTargetID = 48435FB52516DED200FFED01;
					};
					4884D1C825177B640074CA5F = {
						CreatedOnToolsVersion = 12.0;
						LastSwiftMigration = 1200;
					};
					4884D1CB25177B640074CA5F = {
						CreatedOnToolsVersion = 12.0;
						LastSwiftMigration = 1200;
					};
					4884D1DA25177B680074CA5F = {
						CreatedOnToolsVersion = 12.0;
					};
				};
			};
			buildConfigurationList = 48435FB12516DED200FFED01 /* Build configuration list for PBXProject "Frek" */;
			compatibilityVersion = "Xcode 9.3";
			developmentRegion = en;
			hasScannedForEncodings = 0;
			knownRegions = (
				en,
				Base,
			);
			mainGroup = 48435FAD2516DED200FFED01;
			productRefGroup = 48435FB72516DED200FFED01 /* Products */;
			projectDirPath = "";
			projectRoot = "";
			targets = (
				48435FB52516DED200FFED01 /* Frek */,
				48435FC62516DED500FFED01 /* FrekTests */,
				48435FD12516DED500FFED01 /* FrekUITests */,
				4884D1C825177B640074CA5F /* FrekWatch */,
				4884D1CB25177B640074CA5F /* FrekWatch WatchKit App */,
				4884D1DA25177B680074CA5F /* FrekWatch WatchKit Extension */,
			);
		};
/* End PBXProject section */

/* Begin PBXResourcesBuildPhase section */
		48435FB42516DED200FFED01 /* Resources */ = {
			isa = PBXResourcesBuildPhase;
			buildActionMask = 2147483647;
			files = (
				482E2F31265E526400C60730 /* FrekPlaceAssets.xcassets in Resources */,
				4817E80B2657B9A200128396 /* GoogleService-Info.plist in Resources */,
				48435FBE2516DED500FFED01 /* Assets.xcassets in Resources */,
			);
			runOnlyForDeploymentPostprocessing = 0;
		};
		48435FC52516DED500FFED01 /* Resources */ = {
			isa = PBXResourcesBuildPhase;
			buildActionMask = 2147483647;
			files = (
			);
			runOnlyForDeploymentPostprocessing = 0;
		};
		48435FD02516DED500FFED01 /* Resources */ = {
			isa = PBXResourcesBuildPhase;
			buildActionMask = 2147483647;
			files = (
			);
			runOnlyForDeploymentPostprocessing = 0;
		};
		4884D1C725177B640074CA5F /* Resources */ = {
			isa = PBXResourcesBuildPhase;
			buildActionMask = 2147483647;
			files = (
			);
			runOnlyForDeploymentPostprocessing = 0;
		};
		4884D1CA25177B640074CA5F /* Resources */ = {
			isa = PBXResourcesBuildPhase;
			buildActionMask = 2147483647;
			files = (
				4884D1D525177B680074CA5F /* Assets.xcassets in Resources */,
				4884D1D325177B640074CA5F /* Interface.storyboard in Resources */,
			);
			runOnlyForDeploymentPostprocessing = 0;
		};
		4884D1D925177B680074CA5F /* Resources */ = {
			isa = PBXResourcesBuildPhase;
			buildActionMask = 2147483647;
			files = (
				482E2F32265E526400C60730 /* FrekPlaceAssets.xcassets in Resources */,
				4884D1F025177B6C0074CA5F /* Preview Assets.xcassets in Resources */,
				4884D1ED25177B6C0074CA5F /* Assets.xcassets in Resources */,
			);
			runOnlyForDeploymentPostprocessing = 0;
		};
/* End PBXResourcesBuildPhase section */

/* Begin PBXShellScriptBuildPhase section */
		08F9B7031BB88666F88568F3 /* [CP] Check Pods Manifest.lock */ = {
			isa = PBXShellScriptBuildPhase;
			buildActionMask = 2147483647;
			files = (
			);
			inputFileListPaths = (
			);
			inputPaths = (
				"${PODS_PODFILE_DIR_PATH}/Podfile.lock",
				"${PODS_ROOT}/Manifest.lock",
			);
			name = "[CP] Check Pods Manifest.lock";
			outputFileListPaths = (
			);
			outputPaths = (
				"$(DERIVED_FILE_DIR)/Pods-FrekWatch WatchKit App-checkManifestLockResult.txt",
			);
			runOnlyForDeploymentPostprocessing = 0;
			shellPath = /bin/sh;
			shellScript = "diff \"${PODS_PODFILE_DIR_PATH}/Podfile.lock\" \"${PODS_ROOT}/Manifest.lock\" > /dev/null\nif [ $? != 0 ] ; then\n    # print error to STDERR\n    echo \"error: The sandbox is not in sync with the Podfile.lock. Run 'pod install' or update your CocoaPods installation.\" >&2\n    exit 1\nfi\n# This output is used by Xcode 'outputs' to avoid re-running this script phase.\necho \"SUCCESS\" > \"${SCRIPT_OUTPUT_FILE_0}\"\n";
			showEnvVarsInLog = 0;
		};
		0D257E7BE93F812E7CDCD1FA /* [CP] Check Pods Manifest.lock */ = {
			isa = PBXShellScriptBuildPhase;
			buildActionMask = 2147483647;
			files = (
			);
			inputFileListPaths = (
			);
			inputPaths = (
				"${PODS_PODFILE_DIR_PATH}/Podfile.lock",
				"${PODS_ROOT}/Manifest.lock",
			);
			name = "[CP] Check Pods Manifest.lock";
			outputFileListPaths = (
			);
			outputPaths = (
				"$(DERIVED_FILE_DIR)/Pods-Frek-FrekUITests-checkManifestLockResult.txt",
			);
			runOnlyForDeploymentPostprocessing = 0;
			shellPath = /bin/sh;
			shellScript = "diff \"${PODS_PODFILE_DIR_PATH}/Podfile.lock\" \"${PODS_ROOT}/Manifest.lock\" > /dev/null\nif [ $? != 0 ] ; then\n    # print error to STDERR\n    echo \"error: The sandbox is not in sync with the Podfile.lock. Run 'pod install' or update your CocoaPods installation.\" >&2\n    exit 1\nfi\n# This output is used by Xcode 'outputs' to avoid re-running this script phase.\necho \"SUCCESS\" > \"${SCRIPT_OUTPUT_FILE_0}\"\n";
			showEnvVarsInLog = 0;
		};
		5F4444C60E7B3816644C3E42 /* [CP] Embed Pods Frameworks */ = {
			isa = PBXShellScriptBuildPhase;
			buildActionMask = 2147483647;
			files = (
			);
			inputFileListPaths = (
				"${PODS_ROOT}/Target Support Files/Pods-Frek/Pods-Frek-frameworks-${CONFIGURATION}-input-files.xcfilelist",
			);
			name = "[CP] Embed Pods Frameworks";
			outputFileListPaths = (
				"${PODS_ROOT}/Target Support Files/Pods-Frek/Pods-Frek-frameworks-${CONFIGURATION}-output-files.xcfilelist",
			);
			runOnlyForDeploymentPostprocessing = 0;
			shellPath = /bin/sh;
			shellScript = "\"${PODS_ROOT}/Target Support Files/Pods-Frek/Pods-Frek-frameworks.sh\"\n";
			showEnvVarsInLog = 0;
		};
		833234C9882446B6CD52CE6E /* [CP] Check Pods Manifest.lock */ = {
			isa = PBXShellScriptBuildPhase;
			buildActionMask = 2147483647;
			files = (
			);
			inputFileListPaths = (
			);
			inputPaths = (
				"${PODS_PODFILE_DIR_PATH}/Podfile.lock",
				"${PODS_ROOT}/Manifest.lock",
			);
			name = "[CP] Check Pods Manifest.lock";
			outputFileListPaths = (
			);
			outputPaths = (
				"$(DERIVED_FILE_DIR)/Pods-Frek-checkManifestLockResult.txt",
			);
			runOnlyForDeploymentPostprocessing = 0;
			shellPath = /bin/sh;
			shellScript = "diff \"${PODS_PODFILE_DIR_PATH}/Podfile.lock\" \"${PODS_ROOT}/Manifest.lock\" > /dev/null\nif [ $? != 0 ] ; then\n    # print error to STDERR\n    echo \"error: The sandbox is not in sync with the Podfile.lock. Run 'pod install' or update your CocoaPods installation.\" >&2\n    exit 1\nfi\n# This output is used by Xcode 'outputs' to avoid re-running this script phase.\necho \"SUCCESS\" > \"${SCRIPT_OUTPUT_FILE_0}\"\n";
			showEnvVarsInLog = 0;
		};
		8A1F1A89685136B9D16E461E /* [CP] Check Pods Manifest.lock */ = {
			isa = PBXShellScriptBuildPhase;
			buildActionMask = 2147483647;
			files = (
			);
			inputFileListPaths = (
			);
			inputPaths = (
				"${PODS_PODFILE_DIR_PATH}/Podfile.lock",
				"${PODS_ROOT}/Manifest.lock",
			);
			name = "[CP] Check Pods Manifest.lock";
			outputFileListPaths = (
			);
			outputPaths = (
				"$(DERIVED_FILE_DIR)/Pods-FrekTests-checkManifestLockResult.txt",
			);
			runOnlyForDeploymentPostprocessing = 0;
			shellPath = /bin/sh;
			shellScript = "diff \"${PODS_PODFILE_DIR_PATH}/Podfile.lock\" \"${PODS_ROOT}/Manifest.lock\" > /dev/null\nif [ $? != 0 ] ; then\n    # print error to STDERR\n    echo \"error: The sandbox is not in sync with the Podfile.lock. Run 'pod install' or update your CocoaPods installation.\" >&2\n    exit 1\nfi\n# This output is used by Xcode 'outputs' to avoid re-running this script phase.\necho \"SUCCESS\" > \"${SCRIPT_OUTPUT_FILE_0}\"\n";
			showEnvVarsInLog = 0;
		};
		9DB71C24D0B13D4F30DCD12D /* [CP] Check Pods Manifest.lock */ = {
			isa = PBXShellScriptBuildPhase;
			buildActionMask = 2147483647;
			files = (
			);
			inputFileListPaths = (
			);
			inputPaths = (
				"${PODS_PODFILE_DIR_PATH}/Podfile.lock",
				"${PODS_ROOT}/Manifest.lock",
			);
			name = "[CP] Check Pods Manifest.lock";
			outputFileListPaths = (
			);
			outputPaths = (
				"$(DERIVED_FILE_DIR)/Pods-FrekWatch-checkManifestLockResult.txt",
			);
			runOnlyForDeploymentPostprocessing = 0;
			shellPath = /bin/sh;
			shellScript = "diff \"${PODS_PODFILE_DIR_PATH}/Podfile.lock\" \"${PODS_ROOT}/Manifest.lock\" > /dev/null\nif [ $? != 0 ] ; then\n    # print error to STDERR\n    echo \"error: The sandbox is not in sync with the Podfile.lock. Run 'pod install' or update your CocoaPods installation.\" >&2\n    exit 1\nfi\n# This output is used by Xcode 'outputs' to avoid re-running this script phase.\necho \"SUCCESS\" > \"${SCRIPT_OUTPUT_FILE_0}\"\n";
			showEnvVarsInLog = 0;
		};
		A511F2427AFADB9E2B0214DA /* [CP] Embed Pods Frameworks */ = {
			isa = PBXShellScriptBuildPhase;
			buildActionMask = 2147483647;
			files = (
			);
			inputFileListPaths = (
				"${PODS_ROOT}/Target Support Files/Pods-Frek-FrekUITests/Pods-Frek-FrekUITests-frameworks-${CONFIGURATION}-input-files.xcfilelist",
			);
			name = "[CP] Embed Pods Frameworks";
			outputFileListPaths = (
				"${PODS_ROOT}/Target Support Files/Pods-Frek-FrekUITests/Pods-Frek-FrekUITests-frameworks-${CONFIGURATION}-output-files.xcfilelist",
			);
			runOnlyForDeploymentPostprocessing = 0;
			shellPath = /bin/sh;
			shellScript = "\"${PODS_ROOT}/Target Support Files/Pods-Frek-FrekUITests/Pods-Frek-FrekUITests-frameworks.sh\"\n";
			showEnvVarsInLog = 0;
		};
		C39924DCE944D7D9EE4336B7 /* [CP] Check Pods Manifest.lock */ = {
			isa = PBXShellScriptBuildPhase;
			buildActionMask = 2147483647;
			files = (
			);
			inputFileListPaths = (
			);
			inputPaths = (
				"${PODS_PODFILE_DIR_PATH}/Podfile.lock",
				"${PODS_ROOT}/Manifest.lock",
			);
			name = "[CP] Check Pods Manifest.lock";
			outputFileListPaths = (
			);
			outputPaths = (
				"$(DERIVED_FILE_DIR)/Pods-FrekWatch WatchKit Extension-checkManifestLockResult.txt",
			);
			runOnlyForDeploymentPostprocessing = 0;
			shellPath = /bin/sh;
			shellScript = "diff \"${PODS_PODFILE_DIR_PATH}/Podfile.lock\" \"${PODS_ROOT}/Manifest.lock\" > /dev/null\nif [ $? != 0 ] ; then\n    # print error to STDERR\n    echo \"error: The sandbox is not in sync with the Podfile.lock. Run 'pod install' or update your CocoaPods installation.\" >&2\n    exit 1\nfi\n# This output is used by Xcode 'outputs' to avoid re-running this script phase.\necho \"SUCCESS\" > \"${SCRIPT_OUTPUT_FILE_0}\"\n";
			showEnvVarsInLog = 0;
		};
/* End PBXShellScriptBuildPhase section */

/* Begin PBXSourcesBuildPhase section */
		48435FB22516DED200FFED01 /* Sources */ = {
			isa = PBXSourcesBuildPhase;
			buildActionMask = 2147483647;
			files = (
				48C6FFE2251A42370051B4B3 /* ValueStore.swift in Sources */,
				482A39B52522185C00A2028A /* FrekApp.swift in Sources */,
				4817E80D2657BA9400128396 /* AppDelegate.swift in Sources */,
				48D1244926226527007E1805 /* FrekPlaceDetail.swift in Sources */,
				480836DA265A8358009C15D9 /* HTTPHelper.swift in Sources */,
				482A39F3252221F600A2028A /* FrekPlaceGrid.swift in Sources */,
				4884D25E2517D97B0074CA5F /* FrekPlaceRow.swift in Sources */,
				48548A25265EFF5300272ADB /* MapView.swift in Sources */,
				482A399F2522126900A2028A /* FrekThumbnail.swift in Sources */,
				48435FBA2516DED200FFED01 /* MainView.swift in Sources */,
				48C8A4D8251A5C4800C29AAD /* ToggleFavoriteButton.swift in Sources */,
				48435FE82516E0B800FFED01 /* StateFetcher.swift in Sources */,
				48435FED2516E18F00FFED01 /* FrekPlace.swift in Sources */,
				48C6FEF1251A02BC0051B4B3 /* DeviceMeta.swift in Sources */,
				482E2F34265E6E9B00C60730 /* FrekPlaceList.swift in Sources */,
			);
			runOnlyForDeploymentPostprocessing = 0;
		};
		48435FC32516DED500FFED01 /* Sources */ = {
			isa = PBXSourcesBuildPhase;
			buildActionMask = 2147483647;
			files = (
				48435FCC2516DED500FFED01 /* FrekTests.swift in Sources */,
			);
			runOnlyForDeploymentPostprocessing = 0;
		};
		48435FCE2516DED500FFED01 /* Sources */ = {
			isa = PBXSourcesBuildPhase;
			buildActionMask = 2147483647;
			files = (
				48435FD72516DED500FFED01 /* FrekUITests.swift in Sources */,
			);
			runOnlyForDeploymentPostprocessing = 0;
		};
		4884D1D725177B680074CA5F /* Sources */ = {
			isa = PBXSourcesBuildPhase;
			buildActionMask = 2147483647;
			files = (
				4884D1E125177B690074CA5F /* HostingController.swift in Sources */,
				48C6FEA3251938E60051B4B3 /* FrekPlaceRow.swift in Sources */,
				482A39B62522185C00A2028A /* FrekApp.swift in Sources */,
				4884D1E725177B690074CA5F /* NotificationController.swift in Sources */,
				48C8A4DF251A5C8000C29AAD /* ToggleFavoriteButton.swift in Sources */,
				48C6FFE3251A42370051B4B3 /* ValueStore.swift in Sources */,
				4884D1E525177B690074CA5F /* ExtensionDelegate.swift in Sources */,
				48548A26265EFF5300272ADB /* MapView.swift in Sources */,
				4884D1E925177B690074CA5F /* NotificationView.swift in Sources */,
				4884D20425177C310074CA5F /* StateFetcher.swift in Sources */,
				4884D1EB25177B690074CA5F /* ComplicationController.swift in Sources */,
				480836DB265A8358009C15D9 /* HTTPHelper.swift in Sources */,
				482A39A02522126900A2028A /* FrekThumbnail.swift in Sources */,
				4884D20C2517C7C20074CA5F /* FrekPlace.swift in Sources */,
				482E2F35265E6E9B00C60730 /* FrekPlaceList.swift in Sources */,
			);
			runOnlyForDeploymentPostprocessing = 0;
		};
/* End PBXSourcesBuildPhase section */

/* Begin PBXTargetDependency section */
		48435FC92516DED500FFED01 /* PBXTargetDependency */ = {
			isa = PBXTargetDependency;
			target = 48435FB52516DED200FFED01 /* Frek */;
			targetProxy = 48435FC82516DED500FFED01 /* PBXContainerItemProxy */;
		};
		48435FD42516DED500FFED01 /* PBXTargetDependency */ = {
			isa = PBXTargetDependency;
			target = 48435FB52516DED200FFED01 /* Frek */;
			targetProxy = 48435FD32516DED500FFED01 /* PBXContainerItemProxy */;
		};
		4884D1CF25177B640074CA5F /* PBXTargetDependency */ = {
			isa = PBXTargetDependency;
			target = 4884D1CB25177B640074CA5F /* FrekWatch WatchKit App */;
			targetProxy = 4884D1CE25177B640074CA5F /* PBXContainerItemProxy */;
		};
		4884D1DE25177B690074CA5F /* PBXTargetDependency */ = {
			isa = PBXTargetDependency;
			target = 4884D1DA25177B680074CA5F /* FrekWatch WatchKit Extension */;
			targetProxy = 4884D1DD25177B690074CA5F /* PBXContainerItemProxy */;
		};
/* End PBXTargetDependency section */

/* Begin PBXVariantGroup section */
		4884D1D125177B640074CA5F /* Interface.storyboard */ = {
			isa = PBXVariantGroup;
			children = (
				4884D1D225177B640074CA5F /* Base */,
			);
			name = Interface.storyboard;
			sourceTree = "<group>";
		};
/* End PBXVariantGroup section */

/* Begin XCBuildConfiguration section */
		48435FD92516DED500FFED01 /* Debug */ = {
			isa = XCBuildConfiguration;
			buildSettings = {
				ALWAYS_SEARCH_USER_PATHS = NO;
				CLANG_ANALYZER_NONNULL = YES;
				CLANG_ANALYZER_NUMBER_OBJECT_CONVERSION = YES_AGGRESSIVE;
				CLANG_CXX_LANGUAGE_STANDARD = "gnu++14";
				CLANG_CXX_LIBRARY = "libc++";
				CLANG_ENABLE_MODULES = YES;
				CLANG_ENABLE_OBJC_ARC = YES;
				CLANG_ENABLE_OBJC_WEAK = YES;
				CLANG_WARN_BLOCK_CAPTURE_AUTORELEASING = YES;
				CLANG_WARN_BOOL_CONVERSION = YES;
				CLANG_WARN_COMMA = YES;
				CLANG_WARN_CONSTANT_CONVERSION = YES;
				CLANG_WARN_DEPRECATED_OBJC_IMPLEMENTATIONS = YES;
				CLANG_WARN_DIRECT_OBJC_ISA_USAGE = YES_ERROR;
				CLANG_WARN_DOCUMENTATION_COMMENTS = YES;
				CLANG_WARN_EMPTY_BODY = YES;
				CLANG_WARN_ENUM_CONVERSION = YES;
				CLANG_WARN_INFINITE_RECURSION = YES;
				CLANG_WARN_INT_CONVERSION = YES;
				CLANG_WARN_NON_LITERAL_NULL_CONVERSION = YES;
				CLANG_WARN_OBJC_IMPLICIT_RETAIN_SELF = YES;
				CLANG_WARN_OBJC_LITERAL_CONVERSION = YES;
				CLANG_WARN_OBJC_ROOT_CLASS = YES_ERROR;
				CLANG_WARN_QUOTED_INCLUDE_IN_FRAMEWORK_HEADER = YES;
				CLANG_WARN_RANGE_LOOP_ANALYSIS = YES;
				CLANG_WARN_STRICT_PROTOTYPES = YES;
				CLANG_WARN_SUSPICIOUS_MOVE = YES;
				CLANG_WARN_UNGUARDED_AVAILABILITY = YES_AGGRESSIVE;
				CLANG_WARN_UNREACHABLE_CODE = YES;
				CLANG_WARN__DUPLICATE_METHOD_MATCH = YES;
				COPY_PHASE_STRIP = NO;
				DEBUG_INFORMATION_FORMAT = dwarf;
				ENABLE_STRICT_OBJC_MSGSEND = YES;
				ENABLE_TESTABILITY = YES;
				GCC_C_LANGUAGE_STANDARD = gnu11;
				GCC_DYNAMIC_NO_PIC = NO;
				GCC_NO_COMMON_BLOCKS = YES;
				GCC_OPTIMIZATION_LEVEL = 0;
				GCC_PREPROCESSOR_DEFINITIONS = (
					"DEBUG=1",
					"$(inherited)",
				);
				GCC_WARN_64_TO_32_BIT_CONVERSION = YES;
				GCC_WARN_ABOUT_RETURN_TYPE = YES_ERROR;
				GCC_WARN_UNDECLARED_SELECTOR = YES;
				GCC_WARN_UNINITIALIZED_AUTOS = YES_AGGRESSIVE;
				GCC_WARN_UNUSED_FUNCTION = YES;
				GCC_WARN_UNUSED_VARIABLE = YES;
				IPHONEOS_DEPLOYMENT_TARGET = 14.0;
				MTL_ENABLE_DEBUG_INFO = INCLUDE_SOURCE;
				MTL_FAST_MATH = YES;
				ONLY_ACTIVE_ARCH = YES;
				SDKROOT = iphoneos;
				SWIFT_ACTIVE_COMPILATION_CONDITIONS = DEBUG;
				SWIFT_OPTIMIZATION_LEVEL = "-Onone";
			};
			name = Debug;
		};
		48435FDA2516DED500FFED01 /* Release */ = {
			isa = XCBuildConfiguration;
			buildSettings = {
				ALWAYS_SEARCH_USER_PATHS = NO;
				CLANG_ANALYZER_NONNULL = YES;
				CLANG_ANALYZER_NUMBER_OBJECT_CONVERSION = YES_AGGRESSIVE;
				CLANG_CXX_LANGUAGE_STANDARD = "gnu++14";
				CLANG_CXX_LIBRARY = "libc++";
				CLANG_ENABLE_MODULES = YES;
				CLANG_ENABLE_OBJC_ARC = YES;
				CLANG_ENABLE_OBJC_WEAK = YES;
				CLANG_WARN_BLOCK_CAPTURE_AUTORELEASING = YES;
				CLANG_WARN_BOOL_CONVERSION = YES;
				CLANG_WARN_COMMA = YES;
				CLANG_WARN_CONSTANT_CONVERSION = YES;
				CLANG_WARN_DEPRECATED_OBJC_IMPLEMENTATIONS = YES;
				CLANG_WARN_DIRECT_OBJC_ISA_USAGE = YES_ERROR;
				CLANG_WARN_DOCUMENTATION_COMMENTS = YES;
				CLANG_WARN_EMPTY_BODY = YES;
				CLANG_WARN_ENUM_CONVERSION = YES;
				CLANG_WARN_INFINITE_RECURSION = YES;
				CLANG_WARN_INT_CONVERSION = YES;
				CLANG_WARN_NON_LITERAL_NULL_CONVERSION = YES;
				CLANG_WARN_OBJC_IMPLICIT_RETAIN_SELF = YES;
				CLANG_WARN_OBJC_LITERAL_CONVERSION = YES;
				CLANG_WARN_OBJC_ROOT_CLASS = YES_ERROR;
				CLANG_WARN_QUOTED_INCLUDE_IN_FRAMEWORK_HEADER = YES;
				CLANG_WARN_RANGE_LOOP_ANALYSIS = YES;
				CLANG_WARN_STRICT_PROTOTYPES = YES;
				CLANG_WARN_SUSPICIOUS_MOVE = YES;
				CLANG_WARN_UNGUARDED_AVAILABILITY = YES_AGGRESSIVE;
				CLANG_WARN_UNREACHABLE_CODE = YES;
				CLANG_WARN__DUPLICATE_METHOD_MATCH = YES;
				COPY_PHASE_STRIP = NO;
				DEBUG_INFORMATION_FORMAT = "dwarf-with-dsym";
				ENABLE_NS_ASSERTIONS = NO;
				ENABLE_STRICT_OBJC_MSGSEND = YES;
				GCC_C_LANGUAGE_STANDARD = gnu11;
				GCC_NO_COMMON_BLOCKS = YES;
				GCC_WARN_64_TO_32_BIT_CONVERSION = YES;
				GCC_WARN_ABOUT_RETURN_TYPE = YES_ERROR;
				GCC_WARN_UNDECLARED_SELECTOR = YES;
				GCC_WARN_UNINITIALIZED_AUTOS = YES_AGGRESSIVE;
				GCC_WARN_UNUSED_FUNCTION = YES;
				GCC_WARN_UNUSED_VARIABLE = YES;
				IPHONEOS_DEPLOYMENT_TARGET = 14.0;
				MTL_ENABLE_DEBUG_INFO = NO;
				MTL_FAST_MATH = YES;
				SDKROOT = iphoneos;
				SWIFT_COMPILATION_MODE = wholemodule;
				SWIFT_OPTIMIZATION_LEVEL = "-O";
				VALIDATE_PRODUCT = YES;
			};
			name = Release;
		};
		48435FDC2516DED500FFED01 /* Debug */ = {
			isa = XCBuildConfiguration;
			baseConfigurationReference = 8EF94837C35D1F0F7FBCBF2A /* Pods-Frek.debug.xcconfig */;
			buildSettings = {
				ASSETCATALOG_COMPILER_APPICON_NAME = AppIcon;
				ASSETCATALOG_COMPILER_GLOBAL_ACCENT_COLOR_NAME = AccentColor;
				CODE_SIGN_STYLE = Automatic;
				DEVELOPMENT_TEAM = T7562M4U35;
				ENABLE_PREVIEWS = YES;
				INFOPLIST_FILE = Frek/Info.plist;
				IPHONEOS_DEPLOYMENT_TARGET = 14.0;
				LD_RUNPATH_SEARCH_PATHS = (
					"$(inherited)",
					"@executable_path/Frameworks",
				);
				PRODUCT_BUNDLE_IDENTIFIER = barbat.hadrien.Frek;
				PRODUCT_NAME = "$(TARGET_NAME)";
				SWIFT_VERSION = 5.0;
				TARGETED_DEVICE_FAMILY = "1,2";
			};
			name = Debug;
		};
		48435FDD2516DED500FFED01 /* Release */ = {
			isa = XCBuildConfiguration;
			baseConfigurationReference = D141B550942A26E48BBD1B9A /* Pods-Frek.release.xcconfig */;
			buildSettings = {
				ASSETCATALOG_COMPILER_APPICON_NAME = AppIcon;
				ASSETCATALOG_COMPILER_GLOBAL_ACCENT_COLOR_NAME = AccentColor;
				CODE_SIGN_STYLE = Automatic;
				DEVELOPMENT_TEAM = T7562M4U35;
				ENABLE_PREVIEWS = YES;
				INFOPLIST_FILE = Frek/Info.plist;
				IPHONEOS_DEPLOYMENT_TARGET = 14.0;
				LD_RUNPATH_SEARCH_PATHS = (
					"$(inherited)",
					"@executable_path/Frameworks",
				);
				PRODUCT_BUNDLE_IDENTIFIER = barbat.hadrien.Frek;
				PRODUCT_NAME = "$(TARGET_NAME)";
				SWIFT_VERSION = 5.0;
				TARGETED_DEVICE_FAMILY = "1,2";
			};
			name = Release;
		};
		48435FDF2516DED500FFED01 /* Debug */ = {
			isa = XCBuildConfiguration;
			baseConfigurationReference = E6FD04A71AE23A7C1A40B503 /* Pods-FrekTests.debug.xcconfig */;
			buildSettings = {
				ALWAYS_EMBED_SWIFT_STANDARD_LIBRARIES = YES;
				BUNDLE_LOADER = "$(TEST_HOST)";
				CODE_SIGN_STYLE = Automatic;
				DEVELOPMENT_TEAM = T7562M4U35;
				INFOPLIST_FILE = FrekTests/Info.plist;
				IPHONEOS_DEPLOYMENT_TARGET = 14.0;
				LD_RUNPATH_SEARCH_PATHS = (
					"$(inherited)",
					"@executable_path/Frameworks",
					"@loader_path/Frameworks",
				);
				PRODUCT_BUNDLE_IDENTIFIER = barbat.hadrien.FrekTests;
				PRODUCT_NAME = "$(TARGET_NAME)";
				SWIFT_VERSION = 5.0;
				TARGETED_DEVICE_FAMILY = "1,2";
				TEST_HOST = "$(BUILT_PRODUCTS_DIR)/Frek.app/Frek";
			};
			name = Debug;
		};
		48435FE02516DED500FFED01 /* Release */ = {
			isa = XCBuildConfiguration;
			baseConfigurationReference = A68E8659BF72C3716F2FBF84 /* Pods-FrekTests.release.xcconfig */;
			buildSettings = {
				ALWAYS_EMBED_SWIFT_STANDARD_LIBRARIES = YES;
				BUNDLE_LOADER = "$(TEST_HOST)";
				CODE_SIGN_STYLE = Automatic;
				DEVELOPMENT_TEAM = T7562M4U35;
				INFOPLIST_FILE = FrekTests/Info.plist;
				IPHONEOS_DEPLOYMENT_TARGET = 14.0;
				LD_RUNPATH_SEARCH_PATHS = (
					"$(inherited)",
					"@executable_path/Frameworks",
					"@loader_path/Frameworks",
				);
				PRODUCT_BUNDLE_IDENTIFIER = barbat.hadrien.FrekTests;
				PRODUCT_NAME = "$(TARGET_NAME)";
				SWIFT_VERSION = 5.0;
				TARGETED_DEVICE_FAMILY = "1,2";
				TEST_HOST = "$(BUILT_PRODUCTS_DIR)/Frek.app/Frek";
			};
			name = Release;
		};
		48435FE22516DED500FFED01 /* Debug */ = {
			isa = XCBuildConfiguration;
			baseConfigurationReference = 6033B5E76679DF7F1AD8537A /* Pods-Frek-FrekUITests.debug.xcconfig */;
			buildSettings = {
				ALWAYS_EMBED_SWIFT_STANDARD_LIBRARIES = YES;
				CODE_SIGN_STYLE = Automatic;
				DEVELOPMENT_TEAM = T7562M4U35;
				INFOPLIST_FILE = FrekUITests/Info.plist;
				LD_RUNPATH_SEARCH_PATHS = (
					"$(inherited)",
					"@executable_path/Frameworks",
					"@loader_path/Frameworks",
				);
				PRODUCT_BUNDLE_IDENTIFIER = barbat.hadrien.FrekUITests;
				PRODUCT_NAME = "$(TARGET_NAME)";
				SWIFT_VERSION = 5.0;
				TARGETED_DEVICE_FAMILY = "1,2";
				TEST_TARGET_NAME = Frek;
			};
			name = Debug;
		};
		48435FE32516DED500FFED01 /* Release */ = {
			isa = XCBuildConfiguration;
			baseConfigurationReference = AED417161D5EBDDA4B856536 /* Pods-Frek-FrekUITests.release.xcconfig */;
			buildSettings = {
				ALWAYS_EMBED_SWIFT_STANDARD_LIBRARIES = YES;
				CODE_SIGN_STYLE = Automatic;
				DEVELOPMENT_TEAM = T7562M4U35;
				INFOPLIST_FILE = FrekUITests/Info.plist;
				LD_RUNPATH_SEARCH_PATHS = (
					"$(inherited)",
					"@executable_path/Frameworks",
					"@loader_path/Frameworks",
				);
				PRODUCT_BUNDLE_IDENTIFIER = barbat.hadrien.FrekUITests;
				PRODUCT_NAME = "$(TARGET_NAME)";
				SWIFT_VERSION = 5.0;
				TARGETED_DEVICE_FAMILY = "1,2";
				TEST_TARGET_NAME = Frek;
			};
			name = Release;
		};
		4884D1F425177B6C0074CA5F /* Debug */ = {
			isa = XCBuildConfiguration;
			baseConfigurationReference = D820E35CE4571DA1AD1F23E7 /* Pods-FrekWatch WatchKit Extension.debug.xcconfig */;
			buildSettings = {
				ASSETCATALOG_COMPILER_COMPLICATION_NAME = Complication;
				CODE_SIGN_STYLE = Automatic;
				DEVELOPMENT_ASSET_PATHS = "\"FrekWatch WatchKit Extension/Preview Content\"";
				DEVELOPMENT_TEAM = T7562M4U35;
				ENABLE_PREVIEWS = YES;
				INFOPLIST_FILE = "FrekWatch WatchKit Extension/Info.plist";
				LD_RUNPATH_SEARCH_PATHS = (
					"$(inherited)",
					"@executable_path/Frameworks",
					"@executable_path/../../Frameworks",
				);
				PRODUCT_BUNDLE_IDENTIFIER = barbat.hadrien.FrekWatch.watchkitapp.watchkitextension;
				PRODUCT_NAME = "${TARGET_NAME}";
				SDKROOT = watchos;
				SKIP_INSTALL = NO;
				SWIFT_VERSION = 5.0;
				TARGETED_DEVICE_FAMILY = 4;
				WATCHOS_DEPLOYMENT_TARGET = 7.0;
			};
			name = Debug;
		};
		4884D1F525177B6C0074CA5F /* Release */ = {
			isa = XCBuildConfiguration;
			baseConfigurationReference = 06E5EE7683E28152CF3FE1E7 /* Pods-FrekWatch WatchKit Extension.release.xcconfig */;
			buildSettings = {
				ASSETCATALOG_COMPILER_COMPLICATION_NAME = Complication;
				CODE_SIGN_STYLE = Automatic;
				DEVELOPMENT_ASSET_PATHS = "\"FrekWatch WatchKit Extension/Preview Content\"";
				DEVELOPMENT_TEAM = T7562M4U35;
				ENABLE_PREVIEWS = YES;
				INFOPLIST_FILE = "FrekWatch WatchKit Extension/Info.plist";
				LD_RUNPATH_SEARCH_PATHS = (
					"$(inherited)",
					"@executable_path/Frameworks",
					"@executable_path/../../Frameworks",
				);
				PRODUCT_BUNDLE_IDENTIFIER = barbat.hadrien.FrekWatch.watchkitapp.watchkitextension;
				PRODUCT_NAME = "${TARGET_NAME}";
				SDKROOT = watchos;
				SKIP_INSTALL = NO;
				SWIFT_VERSION = 5.0;
				TARGETED_DEVICE_FAMILY = 4;
				WATCHOS_DEPLOYMENT_TARGET = 7.0;
			};
			name = Release;
		};
		4884D1F825177B6C0074CA5F /* Debug */ = {
			isa = XCBuildConfiguration;
			baseConfigurationReference = 94659A440A215792792574CE /* Pods-FrekWatch WatchKit App.debug.xcconfig */;
			buildSettings = {
				ALWAYS_EMBED_SWIFT_STANDARD_LIBRARIES = YES;
				ASSETCATALOG_COMPILER_APPICON_NAME = AppIcon;
				ASSETCATALOG_COMPILER_GLOBAL_ACCENT_COLOR_NAME = AccentColor;
				CLANG_ENABLE_MODULES = YES;
				CODE_SIGN_STYLE = Automatic;
				DEVELOPMENT_TEAM = T7562M4U35;
				IBSC_MODULE = FrekWatch_WatchKit_Extension;
				INFOPLIST_FILE = "FrekWatch WatchKit App/Info.plist";
				LD_RUNPATH_SEARCH_PATHS = (
					"$(inherited)",
					"@executable_path/../Frameworks",
					"@loader_path/../Frameworks",
				);
				PRODUCT_BUNDLE_IDENTIFIER = barbat.hadrien.FrekWatch.watchkitapp;
				PRODUCT_NAME = "$(TARGET_NAME)";
				SDKROOT = watchos;
				SKIP_INSTALL = YES;
				SWIFT_OPTIMIZATION_LEVEL = "-Onone";
				SWIFT_VERSION = 5.0;
				TARGETED_DEVICE_FAMILY = 4;
				WATCHOS_DEPLOYMENT_TARGET = 7.0;
			};
			name = Debug;
		};
		4884D1F925177B6C0074CA5F /* Release */ = {
			isa = XCBuildConfiguration;
			baseConfigurationReference = 26E4B0C2AA57853466E3674D /* Pods-FrekWatch WatchKit App.release.xcconfig */;
			buildSettings = {
				ALWAYS_EMBED_SWIFT_STANDARD_LIBRARIES = YES;
				ASSETCATALOG_COMPILER_APPICON_NAME = AppIcon;
				ASSETCATALOG_COMPILER_GLOBAL_ACCENT_COLOR_NAME = AccentColor;
				CLANG_ENABLE_MODULES = YES;
				CODE_SIGN_STYLE = Automatic;
				DEVELOPMENT_TEAM = T7562M4U35;
				IBSC_MODULE = FrekWatch_WatchKit_Extension;
				INFOPLIST_FILE = "FrekWatch WatchKit App/Info.plist";
				LD_RUNPATH_SEARCH_PATHS = (
					"$(inherited)",
					"@executable_path/../Frameworks",
					"@loader_path/../Frameworks",
				);
				PRODUCT_BUNDLE_IDENTIFIER = barbat.hadrien.FrekWatch.watchkitapp;
				PRODUCT_NAME = "$(TARGET_NAME)";
				SDKROOT = watchos;
				SKIP_INSTALL = YES;
				SWIFT_VERSION = 5.0;
				TARGETED_DEVICE_FAMILY = 4;
				WATCHOS_DEPLOYMENT_TARGET = 7.0;
			};
			name = Release;
		};
		4884D1FC25177B6C0074CA5F /* Debug */ = {
			isa = XCBuildConfiguration;
			baseConfigurationReference = CF0B32A1E1A23D18D7EF920F /* Pods-FrekWatch.debug.xcconfig */;
			buildSettings = {
				CLANG_ENABLE_MODULES = YES;
				CODE_SIGN_STYLE = Automatic;
				CURRENT_PROJECT_VERSION = 1;
				DEVELOPMENT_TEAM = T7562M4U35;
				LD_RUNPATH_SEARCH_PATHS = (
					"$(inherited)",
					"@executable_path/Frameworks",
					"@loader_path/Frameworks",
				);
				MARKETING_VERSION = 1.0;
				PRODUCT_BUNDLE_IDENTIFIER = barbat.hadrien.FrekWatch;
				PRODUCT_NAME = "$(TARGET_NAME)";
				SWIFT_OPTIMIZATION_LEVEL = "-Onone";
				SWIFT_VERSION = 5.0;
			};
			name = Debug;
		};
		4884D1FD25177B6C0074CA5F /* Release */ = {
			isa = XCBuildConfiguration;
			baseConfigurationReference = D1D65DFBEDF059601E00DC7B /* Pods-FrekWatch.release.xcconfig */;
			buildSettings = {
				CLANG_ENABLE_MODULES = YES;
				CODE_SIGN_STYLE = Automatic;
				CURRENT_PROJECT_VERSION = 1;
				DEVELOPMENT_TEAM = T7562M4U35;
				LD_RUNPATH_SEARCH_PATHS = (
					"$(inherited)",
					"@executable_path/Frameworks",
					"@loader_path/Frameworks",
				);
				MARKETING_VERSION = 1.0;
				PRODUCT_BUNDLE_IDENTIFIER = barbat.hadrien.FrekWatch;
				PRODUCT_NAME = "$(TARGET_NAME)";
				SWIFT_VERSION = 5.0;
			};
			name = Release;
		};
/* End XCBuildConfiguration section */

/* Begin XCConfigurationList section */
		48435FB12516DED200FFED01 /* Build configuration list for PBXProject "Frek" */ = {
			isa = XCConfigurationList;
			buildConfigurations = (
				48435FD92516DED500FFED01 /* Debug */,
				48435FDA2516DED500FFED01 /* Release */,
			);
			defaultConfigurationIsVisible = 0;
			defaultConfigurationName = Release;
		};
		48435FDB2516DED500FFED01 /* Build configuration list for PBXNativeTarget "Frek" */ = {
			isa = XCConfigurationList;
			buildConfigurations = (
				48435FDC2516DED500FFED01 /* Debug */,
				48435FDD2516DED500FFED01 /* Release */,
			);
			defaultConfigurationIsVisible = 0;
			defaultConfigurationName = Release;
		};
		48435FDE2516DED500FFED01 /* Build configuration list for PBXNativeTarget "FrekTests" */ = {
			isa = XCConfigurationList;
			buildConfigurations = (
				48435FDF2516DED500FFED01 /* Debug */,
				48435FE02516DED500FFED01 /* Release */,
			);
			defaultConfigurationIsVisible = 0;
			defaultConfigurationName = Release;
		};
		48435FE12516DED500FFED01 /* Build configuration list for PBXNativeTarget "FrekUITests" */ = {
			isa = XCConfigurationList;
			buildConfigurations = (
				48435FE22516DED500FFED01 /* Debug */,
				48435FE32516DED500FFED01 /* Release */,
			);
			defaultConfigurationIsVisible = 0;
			defaultConfigurationName = Release;
		};
		4884D1F325177B6C0074CA5F /* Build configuration list for PBXNativeTarget "FrekWatch WatchKit Extension" */ = {
			isa = XCConfigurationList;
			buildConfigurations = (
				4884D1F425177B6C0074CA5F /* Debug */,
				4884D1F525177B6C0074CA5F /* Release */,
			);
			defaultConfigurationIsVisible = 0;
			defaultConfigurationName = Release;
		};
		4884D1F725177B6C0074CA5F /* Build configuration list for PBXNativeTarget "FrekWatch WatchKit App" */ = {
			isa = XCConfigurationList;
			buildConfigurations = (
				4884D1F825177B6C0074CA5F /* Debug */,
				4884D1F925177B6C0074CA5F /* Release */,
			);
			defaultConfigurationIsVisible = 0;
			defaultConfigurationName = Release;
		};
		4884D1FB25177B6C0074CA5F /* Build configuration list for PBXNativeTarget "FrekWatch" */ = {
			isa = XCConfigurationList;
			buildConfigurations = (
				4884D1FC25177B6C0074CA5F /* Debug */,
				4884D1FD25177B6C0074CA5F /* Release */,
			);
			defaultConfigurationIsVisible = 0;
			defaultConfigurationName = Release;
		};
/* End XCConfigurationList section */
	};
	rootObject = 48435FAE2516DED200FFED01 /* Project object */;
}
